PODS:
  - Alamofire (5.11.1)
  - Hero (1.6.4)
  - IQKeyboardCore (1.0.8)
  - IQKeyboardManagerSwift (8.0.1):
    - IQKeyboardManagerSwift/Appearance (= 8.0.1)
    - IQKeyboardManagerSwift/Core (= 8.0.1)
    - IQKeyboardManagerSwift/IQKeyboardReturnManager (= 8.0.1)
    - IQKeyboardManagerSwift/IQKeyboardToolbarManager (= 8.0.1)
    - IQKeyboardManagerSwift/IQTextView (= 8.0.1)
    - IQKeyboardManagerSwift/Resign (= 8.0.1)
  - IQKeyboardManagerSwift/Appearance (8.0.1):
    - IQKeyboardManagerSwift/Core
  - IQKeyboardManagerSwift/Core (8.0.1):
    - IQKeyboardNotification
    - IQTextInputViewNotification
  - IQKeyboardManagerSwift/IQKeyboardReturnManager (8.0.1):
    - IQKeyboardReturnManager
  - IQKeyboardManagerSwift/IQKeyboardToolbarManager (8.0.1):
    - IQKeyboardManagerSwift/Core
    - IQKeyboardToolbarManager
  - IQKeyboardManagerSwift/IQTextView (8.0.1):
    - IQTextView
  - IQKeyboardManagerSwift/Resign (8.0.1):
    - IQKeyboardManagerSwift/Core
  - IQKeyboardNotification (1.0.6)
  - IQKeyboardReturnManager (1.0.6):
    - IQKeyboardCore
  - IQKeyboardToolbar (1.1.3):
    - IQKeyboardToolbar/Core (= 1.1.3)
  - IQKeyboardToolbar/Core (1.1.3):
    - IQKeyboardCore
    - IQKeyboardToolbar/Placeholderable
  - IQKeyboardToolbar/Placeholderable (1.1.3)
  - IQKeyboardToolbarManager (1.1.5):
    - IQKeyboardToolbar
    - IQTextInputViewNotification
  - IQTextInputViewNotification (1.0.9):
    - IQKeyboardCore
  - IQTextView (1.0.5):
    - IQKeyboardToolbar/Placeholderable
  - JXPhotoBrowser (4.0.3)
  - Kingfisher (8.8.0)
  - LHTools (2.0):
    - Alamofire
    - Hero
    - IQKeyboardManagerSwift
    - JXPhotoBrowser
    - Kingfisher
    - LHTools/Global (= 2.0)
    - LHTools/Other (= 2.0)
    - LHTools/Source (= 2.0)
    - LHTools/View (= 2.0)
    - "LHTools/基类 (= 2.0)"
    - "LHTools/工具类 (= 2.0)"
    - "LHTools/扩展 (= 2.0)"
    - "LHTools/自定义视图 (= 2.0)"
    - MBProgressHUD
    - MJRefresh
    - NVActivityIndicatorView
    - SmartCodable
    - SnapKit
    - SQLite.swift
    - SwiftyUserDefaults
    - ZLPhotoBrowser
  - LHTools/Global (2.0):
    - Alamofire
    - Hero
    - IQKeyboardManagerSwift
    - JXPhotoBrowser
    - Kingfisher
    - MBProgressHUD
    - MJRefresh
    - NVActivityIndicatorView
    - SmartCodable
    - SnapKit
    - SQLite.swift
    - SwiftyUserDefaults
    - ZLPhotoBrowser
  - LHTools/Other (2.0):
    - Alamofire
    - Hero
    - IQKeyboardManagerSwift
    - JXPhotoBrowser
    - Kingfisher
    - LHTools/Other/Distrib (= 2.0)
    - MBProgressHUD
    - MJRefresh
    - NVActivityIndicatorView
    - SmartCodable
    - SnapKit
    - SQLite.swift
    - SwiftyUserDefaults
    - ZLPhotoBrowser
  - LHTools/Other/Distrib (2.0):
    - Alamofire
    - Hero
    - IQKeyboardManagerSwift
    - JXPhotoBrowser
    - Kingfisher
    - MBProgressHUD
    - MJRefresh
    - NVActivityIndicatorView
    - SmartCodable
    - SnapKit
    - SQLite.swift
    - SwiftyUserDefaults
    - ZLPhotoBrowser
  - LHTools/Source (2.0):
    - Alamofire
    - Hero
    - IQKeyboardManagerSwift
    - JXPhotoBrowser
    - Kingfisher
    - MBProgressHUD
    - MJRefresh
    - NVActivityIndicatorView
    - SmartCodable
    - SnapKit
    - SQLite.swift
    - SwiftyUserDefaults
    - ZLPhotoBrowser
  - LHTools/View (2.0):
    - Alamofire
    - Hero
    - IQKeyboardManagerSwift
    - JXPhotoBrowser
    - Kingfisher
    - MBProgressHUD
    - MJRefresh
    - NVActivityIndicatorView
    - SmartCodable
    - SnapKit
    - SQLite.swift
    - SwiftyUserDefaults
    - ZLPhotoBrowser
  - "LHTools/基类 (2.0)":
    - Alamofire
    - Hero
    - IQKeyboardManagerSwift
    - JXPhotoBrowser
    - Kingfisher
    - MBProgressHUD
    - MJRefresh
    - NVActivityIndicatorView
    - SmartCodable
    - SnapKit
    - SQLite.swift
    - SwiftyUserDefaults
    - ZLPhotoBrowser
  - "LHTools/工具类 (2.0)":
    - Alamofire
    - Hero
    - IQKeyboardManagerSwift
    - JXPhotoBrowser
    - Kingfisher
    - "LHTools/工具类/AuthorizationManager (= 2.0)"
    - "LHTools/工具类/Utils (= 2.0)"
    - "LHTools/工具类/VideoPlayer (= 2.0)"
    - "LHTools/工具类/二维码 (= 2.0)"
    - "LHTools/工具类/播放 (= 2.0)"
    - "LHTools/工具类/约束 (= 2.0)"
    - "LHTools/工具类/缓存 (= 2.0)"
    - "LHTools/工具类/获取文件 (= 2.0)"
    - "LHTools/工具类/请求 (= 2.0)"
    - MBProgressHUD
    - MJRefresh
    - NVActivityIndicatorView
    - SmartCodable
    - SnapKit
    - SQLite.swift
    - SwiftyUserDefaults
    - ZLPhotoBrowser
  - "LHTools/工具类/AuthorizationManager (2.0)":
    - Alamofire
    - Hero
    - IQKeyboardManagerSwift
    - JXPhotoBrowser
    - Kingfisher
    - MBProgressHUD
    - MJRefresh
    - NVActivityIndicatorView
    - SmartCodable
    - SnapKit
    - SQLite.swift
    - SwiftyUserDefaults
    - ZLPhotoBrowser
  - "LHTools/工具类/Utils (2.0)":
    - Alamofire
    - Hero
    - IQKeyboardManagerSwift
    - JXPhotoBrowser
    - Kingfisher
    - MBProgressHUD
    - MJRefresh
    - NVActivityIndicatorView
    - SmartCodable
    - SnapKit
    - SQLite.swift
    - SwiftyUserDefaults
    - ZLPhotoBrowser
  - "LHTools/工具类/VideoPlayer (2.0)":
    - Alamofire
    - Hero
    - IQKeyboardManagerSwift
    - JXPhotoBrowser
    - Kingfisher
    - MBProgressHUD
    - MJRefresh
    - NVActivityIndicatorView
    - SmartCodable
    - SnapKit
    - SQLite.swift
    - SwiftyUserDefaults
    - ZLPhotoBrowser
  - "LHTools/工具类/二维码 (2.0)":
    - Alamofire
    - Hero
    - IQKeyboardManagerSwift
    - JXPhotoBrowser
    - Kingfisher
    - MBProgressHUD
    - MJRefresh
    - NVActivityIndicatorView
    - SmartCodable
    - SnapKit
    - SQLite.swift
    - SwiftyUserDefaults
    - ZLPhotoBrowser
  - "LHTools/工具类/播放 (2.0)":
    - Alamofire
    - Hero
    - IQKeyboardManagerSwift
    - JXPhotoBrowser
    - Kingfisher
    - MBProgressHUD
    - MJRefresh
    - NVActivityIndicatorView
    - SmartCodable
    - SnapKit
    - SQLite.swift
    - SwiftyUserDefaults
    - ZLPhotoBrowser
  - "LHTools/工具类/约束 (2.0)":
    - Alamofire
    - Hero
    - IQKeyboardManagerSwift
    - JXPhotoBrowser
    - Kingfisher
    - MBProgressHUD
    - MJRefresh
    - NVActivityIndicatorView
    - SmartCodable
    - SnapKit
    - SQLite.swift
    - SwiftyUserDefaults
    - ZLPhotoBrowser
  - "LHTools/工具类/缓存 (2.0)":
    - Alamofire
    - Hero
    - IQKeyboardManagerSwift
    - JXPhotoBrowser
    - Kingfisher
    - MBProgressHUD
    - MJRefresh
    - NVActivityIndicatorView
    - SmartCodable
    - SnapKit
    - SQLite.swift
    - SwiftyUserDefaults
    - ZLPhotoBrowser
  - "LHTools/工具类/获取文件 (2.0)":
    - Alamofire
    - Hero
    - IQKeyboardManagerSwift
    - JXPhotoBrowser
    - Kingfisher
    - MBProgressHUD
    - MJRefresh
    - NVActivityIndicatorView
    - SmartCodable
    - SnapKit
    - SQLite.swift
    - SwiftyUserDefaults
    - ZLPhotoBrowser
  - "LHTools/工具类/请求 (2.0)":
    - Alamofire
    - Hero
    - IQKeyboardManagerSwift
    - JXPhotoBrowser
    - Kingfisher
    - MBProgressHUD
    - MJRefresh
    - NVActivityIndicatorView
    - SmartCodable
    - SnapKit
    - SQLite.swift
    - SwiftyUserDefaults
    - ZLPhotoBrowser
  - "LHTools/扩展 (2.0)":
    - Alamofire
    - Hero
    - IQKeyboardManagerSwift
    - JXPhotoBrowser
    - Kingfisher
    - "LHTools/扩展/Color (= 2.0)"
    - "LHTools/扩展/Date (= 2.0)"
    - "LHTools/扩展/Kingfisher (= 2.0)"
    - "LHTools/扩展/Nav (= 2.0)"
    - "LHTools/扩展/Number (= 2.0)"
    - "LHTools/扩展/SegmentedControl (= 2.0)"
    - "LHTools/扩展/Set (= 2.0)"
    - "LHTools/扩展/SnapKit (= 2.0)"
    - "LHTools/扩展/String (= 2.0)"
    - "LHTools/扩展/View (= 2.0)"
    - "LHTools/扩展/Xib (= 2.0)"
    - MBProgressHUD
    - MJRefresh
    - NVActivityIndicatorView
    - SmartCodable
    - SnapKit
    - SQLite.swift
    - SwiftyUserDefaults
    - ZLPhotoBrowser
  - "LHTools/扩展/Color (2.0)":
    - Alamofire
    - Hero
    - IQKeyboardManagerSwift
    - JXPhotoBrowser
    - Kingfisher
    - MBProgressHUD
    - MJRefresh
    - NVActivityIndicatorView
    - SmartCodable
    - SnapKit
    - SQLite.swift
    - SwiftyUserDefaults
    - ZLPhotoBrowser
  - "LHTools/扩展/Date (2.0)":
    - Alamofire
    - Hero
    - IQKeyboardManagerSwift
    - JXPhotoBrowser
    - Kingfisher
    - MBProgressHUD
    - MJRefresh
    - NVActivityIndicatorView
    - SmartCodable
    - SnapKit
    - SQLite.swift
    - SwiftyUserDefaults
    - ZLPhotoBrowser
  - "LHTools/扩展/Kingfisher (2.0)":
    - Alamofire
    - Hero
    - IQKeyboardManagerSwift
    - JXPhotoBrowser
    - Kingfisher
    - MBProgressHUD
    - MJRefresh
    - NVActivityIndicatorView
    - SmartCodable
    - SnapKit
    - SQLite.swift
    - SwiftyUserDefaults
    - ZLPhotoBrowser
  - "LHTools/扩展/Nav (2.0)":
    - Alamofire
    - Hero
    - IQKeyboardManagerSwift
    - JXPhotoBrowser
    - Kingfisher
    - MBProgressHUD
    - MJRefresh
    - NVActivityIndicatorView
    - SmartCodable
    - SnapKit
    - SQLite.swift
    - SwiftyUserDefaults
    - ZLPhotoBrowser
  - "LHTools/扩展/Number (2.0)":
    - Alamofire
    - Hero
    - IQKeyboardManagerSwift
    - JXPhotoBrowser
    - Kingfisher
    - MBProgressHUD
    - MJRefresh
    - NVActivityIndicatorView
    - SmartCodable
    - SnapKit
    - SQLite.swift
    - SwiftyUserDefaults
    - ZLPhotoBrowser
  - "LHTools/扩展/SegmentedControl (2.0)":
    - Alamofire
    - Hero
    - IQKeyboardManagerSwift
    - JXPhotoBrowser
    - Kingfisher
    - MBProgressHUD
    - MJRefresh
    - NVActivityIndicatorView
    - SmartCodable
    - SnapKit
    - SQLite.swift
    - SwiftyUserDefaults
    - ZLPhotoBrowser
  - "LHTools/扩展/Set (2.0)":
    - Alamofire
    - Hero
    - IQKeyboardManagerSwift
    - JXPhotoBrowser
    - Kingfisher
    - MBProgressHUD
    - MJRefresh
    - NVActivityIndicatorView
    - SmartCodable
    - SnapKit
    - SQLite.swift
    - SwiftyUserDefaults
    - ZLPhotoBrowser
  - "LHTools/扩展/SnapKit (2.0)":
    - Alamofire
    - Hero
    - IQKeyboardManagerSwift
    - JXPhotoBrowser
    - Kingfisher
    - MBProgressHUD
    - MJRefresh
    - NVActivityIndicatorView
    - SmartCodable
    - SnapKit
    - SQLite.swift
    - SwiftyUserDefaults
    - ZLPhotoBrowser
  - "LHTools/扩展/String (2.0)":
    - Alamofire
    - Hero
    - IQKeyboardManagerSwift
    - JXPhotoBrowser
    - Kingfisher
    - MBProgressHUD
    - MJRefresh
    - NVActivityIndicatorView
    - SmartCodable
    - SnapKit
    - SQLite.swift
    - SwiftyUserDefaults
    - ZLPhotoBrowser
  - "LHTools/扩展/View (2.0)":
    - Alamofire
    - Hero
    - IQKeyboardManagerSwift
    - JXPhotoBrowser
    - Kingfisher
    - MBProgressHUD
    - MJRefresh
    - NVActivityIndicatorView
    - SmartCodable
    - SnapKit
    - SQLite.swift
    - SwiftyUserDefaults
    - ZLPhotoBrowser
  - "LHTools/扩展/Xib (2.0)":
    - Alamofire
    - Hero
    - IQKeyboardManagerSwift
    - JXPhotoBrowser
    - Kingfisher
    - MBProgressHUD
    - MJRefresh
    - NVActivityIndicatorView
    - SmartCodable
    - SnapKit
    - SQLite.swift
    - SwiftyUserDefaults
    - ZLPhotoBrowser
  - "LHTools/自定义视图 (2.0)":
    - Alamofire
    - Hero
    - IQKeyboardManagerSwift
    - JXPhotoBrowser
    - Kingfisher
    - "LHTools/自定义视图/PhotoBrowser (= 2.0)"
    - "LHTools/自定义视图/PopView (= 2.0)"
    - "LHTools/自定义视图/加载等待 (= 2.0)"
    - "LHTools/自定义视图/图片上传 (= 2.0)"
    - "LHTools/自定义视图/图片缩放预览 (= 2.0)"
    - "LHTools/自定义视图/提示框 (= 2.0)"
    - "LHTools/自定义视图/时间段选择器 (= 2.0)"
    - "LHTools/自定义视图/测试服切换工具 (= 2.0)"
    - "LHTools/自定义视图/点赞动画 (= 2.0)"
    - "LHTools/自定义视图/轮播 (= 2.0)"
    - "LHTools/自定义视图/选择器 (= 2.0)"
    - MBProgressHUD
    - MJRefresh
    - NVActivityIndicatorView
    - SmartCodable
    - SnapKit
    - SQLite.swift
    - SwiftyUserDefaults
    - ZLPhotoBrowser
  - "LHTools/自定义视图/PhotoBrowser (2.0)":
    - Alamofire
    - Hero
    - IQKeyboardManagerSwift
    - JXPhotoBrowser
    - Kingfisher
    - MBProgressHUD
    - MJRefresh
    - NVActivityIndicatorView
    - SmartCodable
    - SnapKit
    - SQLite.swift
    - SwiftyUserDefaults
    - ZLPhotoBrowser
  - "LHTools/自定义视图/PopView (2.0)":
    - Alamofire
    - Hero
    - IQKeyboardManagerSwift
    - JXPhotoBrowser
    - Kingfisher
    - MBProgressHUD
    - MJRefresh
    - NVActivityIndicatorView
    - SmartCodable
    - SnapKit
    - SQLite.swift
    - SwiftyUserDefaults
    - ZLPhotoBrowser
  - "LHTools/自定义视图/加载等待 (2.0)":
    - Alamofire
    - Hero
    - IQKeyboardManagerSwift
    - JXPhotoBrowser
    - Kingfisher
    - MBProgressHUD
    - MJRefresh
    - NVActivityIndicatorView
    - SmartCodable
    - SnapKit
    - SQLite.swift
    - SwiftyUserDefaults
    - ZLPhotoBrowser
  - "LHTools/自定义视图/图片上传 (2.0)":
    - Alamofire
    - Hero
    - IQKeyboardManagerSwift
    - JXPhotoBrowser
    - Kingfisher
    - "LHTools/自定义视图/图片上传/多图选择控件 (= 2.0)"
    - "LHTools/自定义视图/图片上传/快速上传 (= 2.0)"
    - MBProgressHUD
    - MJRefresh
    - NVActivityIndicatorView
    - SmartCodable
    - SnapKit
    - SQLite.swift
    - SwiftyUserDefaults
    - ZLPhotoBrowser
  - "LHTools/自定义视图/图片上传/多图选择控件 (2.0)":
    - Alamofire
    - Hero
    - IQKeyboardManagerSwift
    - JXPhotoBrowser
    - Kingfisher
    - MBProgressHUD
    - MJRefresh
    - NVActivityIndicatorView
    - SmartCodable
    - SnapKit
    - SQLite.swift
    - SwiftyUserDefaults
    - ZLPhotoBrowser
  - "LHTools/自定义视图/图片上传/快速上传 (2.0)":
    - Alamofire
    - Hero
    - IQKeyboardManagerSwift
    - JXPhotoBrowser
    - Kingfisher
    - MBProgressHUD
    - MJRefresh
    - NVActivityIndicatorView
    - SmartCodable
    - SnapKit
    - SQLite.swift
    - SwiftyUserDefaults
    - ZLPhotoBrowser
  - "LHTools/自定义视图/图片缩放预览 (2.0)":
    - Alamofire
    - Hero
    - IQKeyboardManagerSwift
    - JXPhotoBrowser
    - Kingfisher
    - MBProgressHUD
    - MJRefresh
    - NVActivityIndicatorView
    - SmartCodable
    - SnapKit
    - SQLite.swift
    - SwiftyUserDefaults
    - ZLPhotoBrowser
  - "LHTools/自定义视图/提示框 (2.0)":
    - Alamofire
    - Hero
    - IQKeyboardManagerSwift
    - JXPhotoBrowser
    - Kingfisher
    - MBProgressHUD
    - MJRefresh
    - NVActivityIndicatorView
    - SmartCodable
    - SnapKit
    - SQLite.swift
    - SwiftyUserDefaults
    - ZLPhotoBrowser
  - "LHTools/自定义视图/时间段选择器 (2.0)":
    - Alamofire
    - Hero
    - IQKeyboardManagerSwift
    - JXPhotoBrowser
    - Kingfisher
    - MBProgressHUD
    - MJRefresh
    - NVActivityIndicatorView
    - SmartCodable
    - SnapKit
    - SQLite.swift
    - SwiftyUserDefaults
    - ZLPhotoBrowser
  - "LHTools/自定义视图/测试服切换工具 (2.0)":
    - Alamofire
    - Hero
    - IQKeyboardManagerSwift
    - JXPhotoBrowser
    - Kingfisher
    - MBProgressHUD
    - MJRefresh
    - NVActivityIndicatorView
    - SmartCodable
    - SnapKit
    - SQLite.swift
    - SwiftyUserDefaults
    - ZLPhotoBrowser
  - "LHTools/自定义视图/点赞动画 (2.0)":
    - Alamofire
    - Hero
    - IQKeyboardManagerSwift
    - JXPhotoBrowser
    - Kingfisher
    - MBProgressHUD
    - MJRefresh
    - NVActivityIndicatorView
    - SmartCodable
    - SnapKit
    - SQLite.swift
    - SwiftyUserDefaults
    - ZLPhotoBrowser
  - "LHTools/自定义视图/轮播 (2.0)":
    - Alamofire
    - Hero
    - IQKeyboardManagerSwift
    - JXPhotoBrowser
    - Kingfisher
    - MBProgressHUD
    - MJRefresh
    - NVActivityIndicatorView
    - SmartCodable
    - SnapKit
    - SQLite.swift
    - SwiftyUserDefaults
    - ZLPhotoBrowser
  - "LHTools/自定义视图/选择器 (2.0)":
    - Alamofire
    - Hero
    - IQKeyboardManagerSwift
    - JXPhotoBrowser
    - Kingfisher
    - "LHTools/自定义视图/选择器/CustomPicker (= 2.0)"
    - MBProgressHUD
    - MJRefresh
    - NVActivityIndicatorView
    - SmartCodable
    - SnapKit
    - SQLite.swift
    - SwiftyUserDefaults
    - ZLPhotoBrowser
  - "LHTools/自定义视图/选择器/CustomPicker (2.0)":
    - Alamofire
    - Hero
    - IQKeyboardManagerSwift
    - JXPhotoBrowser
    - Kingfisher
    - "LHTools/自定义视图/选择器/CustomPicker/CityDataBase (= 2.0)"
    - MBProgressHUD
    - MJRefresh
    - NVActivityIndicatorView
    - SmartCodable
    - SnapKit
    - SQLite.swift
    - SwiftyUserDefaults
    - ZLPhotoBrowser
  - "LHTools/自定义视图/选择器/CustomPicker/CityDataBase (2.0)":
    - Alamofire
    - Hero
    - IQKeyboardManagerSwift
    - JXPhotoBrowser
    - Kingfisher
    - MBProgressHUD
    - MJRefresh
    - NVActivityIndicatorView
    - SmartCodable
    - SnapKit
    - SQLite.swift
    - SwiftyUserDefaults
    - ZLPhotoBrowser
  - MBProgressHUD (1.2.0)
  - MJRefresh (3.7.9)
  - NVActivityIndicatorView (5.2.0):
    - NVActivityIndicatorView/Base (= 5.2.0)
  - NVActivityIndicatorView/Base (5.2.0)
  - SmartCodable (6.0.6):
    - SmartCodable/Core (= 6.0.6)
  - SmartCodable/Core (6.0.6)
  - SnapKit (5.7.1)
  - SQLite.swift (0.16.0):
    - SQLite.swift/standard (= 0.16.0)
  - SQLite.swift/standard (0.16.0)
  - SwiftyUserDefaults (5.3.0)
  - ZLPhotoBrowser (4.7.4):
    - ZLPhotoBrowser/Core (= 4.7.4)
  - ZLPhotoBrowser/Core (4.7.4)

DEPENDENCIES:
  - LHTools (from `../`)

SPEC REPOS:
  https://github.com/CocoaPods/Specs.git:
    - Alamofire
    - Hero
    - IQKeyboardCore
    - IQKeyboardManagerSwift
    - IQKeyboardNotification
    - IQKeyboardReturnManager
    - IQKeyboardToolbar
    - IQKeyboardToolbarManager
    - IQTextInputViewNotification
    - IQTextView
    - JXPhotoBrowser
    - Kingfisher
    - MBProgressHUD
    - MJRefresh
    - NVActivityIndicatorView
    - SmartCodable
    - SnapKit
    - SQLite.swift
    - SwiftyUserDefaults
    - ZLPhotoBrowser

EXTERNAL SOURCES:
  LHTools:
    :path: "../"

SPEC CHECKSUMS:
  Alamofire: eec6cd8f73b242b59e34153a606a909eb9864b14
  Hero: 473a0143017e1371d050fcbedb67d317925097f2
  IQKeyboardCore: 8652977ec919cf5351aa2977fedd1a6546476fbc
  IQKeyboardManagerSwift: 835fc9c6e4732398113406d84900ad2e8f141218
  IQKeyboardNotification: eb4910401f5a0e68f97e71c62f8a0c5b7e9d535c
  IQKeyboardReturnManager: fcbf51fc68d7536fc1fbcca5231c4e82576b12ac
  IQKeyboardToolbar: 9fe900f8e7def414be4025af0ca098df764d4fe3
  IQKeyboardToolbarManager: d449479b5843d4a3fb902d03bf62d6ca031ac20e
  IQTextInputViewNotification: 3b9fb27a16e7ee8958cc9092cfb07a1a9e1fd559
  IQTextView: ae13b4922f22e6f027f62c557d9f4f236b19d5c7
  JXPhotoBrowser: b5fadfb263e20308cb180d629a0856ccabd98ffc
  Kingfisher: beeaf65ed57dfa710d416aea4093277e8a9b1968
  LHTools: 83cae154938aa0e39a5985f3be8fc3baf841fcc7
  MBProgressHUD: 3ee5efcc380f6a79a7cc9b363dd669c5e1ae7406
  MJRefresh: ff9e531227924c84ce459338414550a05d2aea78
  NVActivityIndicatorView: fe52a6a68664c2df8991d7d9e3d86d8d19453c53
  SmartCodable: b423095dd1041f8b0bacbdcc251814e5d5f583f8
  SnapKit: d612e99e678a2d3b95bf60b0705ed0a35c03484a
  SQLite.swift: c914f905e13b6318cdc07fd66661db14c6cdd330
  SwiftyUserDefaults: 63f80248cf5bfb3458825d9a78f2eb7e1293a040
  ZLPhotoBrowser: 165f9afee5d238a2c39b52128a94a4445aae2fdf

PODFILE CHECKSUM: 6ac2dbf35ada204c2e6f419ccf246667a9a31cfb

COCOAPODS: 1.16.2
