PODS:
  - Alamofire (5.4.3)
  - Hero (1.6.1)
  - IQKeyboardManagerSwift (6.5.6)
  - JXPhotoBrowser (3.1.3)
  - Kingfisher (6.3.1)
  - LHTools (0.0.2):
    - Alamofire
    - Hero
    - IQKeyboardManagerSwift
    - JXPhotoBrowser
    - Kingfisher
    - LHTools/Global (= 0.0.2)
    - LHTools/Other (= 0.0.2)
    - LHTools/Source (= 0.0.2)
    - LHTools/View (= 0.0.2)
    - "LHTools/基类 (= 0.0.2)"
    - "LHTools/工具类 (= 0.0.2)"
    - "LHTools/扩展 (= 0.0.2)"
    - "LHTools/自定义视图 (= 0.0.2)"
    - MBProgressHUD
    - MJRefresh
    - NVActivityIndicatorView
    - SnapKit
    - SQLite.swift
    - SwiftyUserDefaults
    - ZLPhotoBrowser
  - LHTools/Global (0.0.2):
    - Alamofire
    - Hero
    - IQKeyboardManagerSwift
    - JXPhotoBrowser
    - Kingfisher
    - MBProgressHUD
    - MJRefresh
    - NVActivityIndicatorView
    - SnapKit
    - SQLite.swift
    - SwiftyUserDefaults
    - ZLPhotoBrowser
  - LHTools/Other (0.0.2):
    - Alamofire
    - Hero
    - IQKeyboardManagerSwift
    - JXPhotoBrowser
    - Kingfisher
    - LHTools/Other/Distrib (= 0.0.2)
    - MBProgressHUD
    - MJRefresh
    - NVActivityIndicatorView
    - SnapKit
    - SQLite.swift
    - SwiftyUserDefaults
    - ZLPhotoBrowser
  - LHTools/Other/Distrib (0.0.2):
    - Alamofire
    - Hero
    - IQKeyboardManagerSwift
    - JXPhotoBrowser
    - Kingfisher
    - MBProgressHUD
    - MJRefresh
    - NVActivityIndicatorView
    - SnapKit
    - SQLite.swift
    - SwiftyUserDefaults
    - ZLPhotoBrowser
  - LHTools/Source (0.0.2):
    - Alamofire
    - Hero
    - IQKeyboardManagerSwift
    - JXPhotoBrowser
    - Kingfisher
    - MBProgressHUD
    - MJRefresh
    - NVActivityIndicatorView
    - SnapKit
    - SQLite.swift
    - SwiftyUserDefaults
    - ZLPhotoBrowser
  - LHTools/View (0.0.2):
    - Alamofire
    - Hero
    - IQKeyboardManagerSwift
    - JXPhotoBrowser
    - Kingfisher
    - MBProgressHUD
    - MJRefresh
    - NVActivityIndicatorView
    - SnapKit
    - SQLite.swift
    - SwiftyUserDefaults
    - ZLPhotoBrowser
  - "LHTools/基类 (0.0.2)":
    - Alamofire
    - Hero
    - IQKeyboardManagerSwift
    - JXPhotoBrowser
    - Kingfisher
    - MBProgressHUD
    - MJRefresh
    - NVActivityIndicatorView
    - SnapKit
    - SQLite.swift
    - SwiftyUserDefaults
    - ZLPhotoBrowser
  - "LHTools/工具类 (0.0.2)":
    - Alamofire
    - Hero
    - IQKeyboardManagerSwift
    - JXPhotoBrowser
    - Kingfisher
    - "LHTools/工具类/AuthorizationManager (= 0.0.2)"
    - "LHTools/工具类/Utils (= 0.0.2)"
    - "LHTools/工具类/VideoPlayer (= 0.0.2)"
    - "LHTools/工具类/二维码 (= 0.0.2)"
    - "LHTools/工具类/约束 (= 0.0.2)"
    - "LHTools/工具类/缓存 (= 0.0.2)"
    - "LHTools/工具类/获取文件 (= 0.0.2)"
    - "LHTools/工具类/请求 (= 0.0.2)"
    - MBProgressHUD
    - MJRefresh
    - NVActivityIndicatorView
    - SnapKit
    - SQLite.swift
    - SwiftyUserDefaults
    - ZLPhotoBrowser
  - "LHTools/工具类/AuthorizationManager (0.0.2)":
    - Alamofire
    - Hero
    - IQKeyboardManagerSwift
    - JXPhotoBrowser
    - Kingfisher
    - MBProgressHUD
    - MJRefresh
    - NVActivityIndicatorView
    - SnapKit
    - SQLite.swift
    - SwiftyUserDefaults
    - ZLPhotoBrowser
  - "LHTools/工具类/Utils (0.0.2)":
    - Alamofire
    - Hero
    - IQKeyboardManagerSwift
    - JXPhotoBrowser
    - Kingfisher
    - MBProgressHUD
    - MJRefresh
    - NVActivityIndicatorView
    - SnapKit
    - SQLite.swift
    - SwiftyUserDefaults
    - ZLPhotoBrowser
  - "LHTools/工具类/VideoPlayer (0.0.2)":
    - Alamofire
    - Hero
    - IQKeyboardManagerSwift
    - JXPhotoBrowser
    - Kingfisher
    - MBProgressHUD
    - MJRefresh
    - NVActivityIndicatorView
    - SnapKit
    - SQLite.swift
    - SwiftyUserDefaults
    - ZLPhotoBrowser
  - "LHTools/工具类/二维码 (0.0.2)":
    - Alamofire
    - Hero
    - IQKeyboardManagerSwift
    - JXPhotoBrowser
    - Kingfisher
    - MBProgressHUD
    - MJRefresh
    - NVActivityIndicatorView
    - SnapKit
    - SQLite.swift
    - SwiftyUserDefaults
    - ZLPhotoBrowser
  - "LHTools/工具类/约束 (0.0.2)":
    - Alamofire
    - Hero
    - IQKeyboardManagerSwift
    - JXPhotoBrowser
    - Kingfisher
    - MBProgressHUD
    - MJRefresh
    - NVActivityIndicatorView
    - SnapKit
    - SQLite.swift
    - SwiftyUserDefaults
    - ZLPhotoBrowser
  - "LHTools/工具类/缓存 (0.0.2)":
    - Alamofire
    - Hero
    - IQKeyboardManagerSwift
    - JXPhotoBrowser
    - Kingfisher
    - MBProgressHUD
    - MJRefresh
    - NVActivityIndicatorView
    - SnapKit
    - SQLite.swift
    - SwiftyUserDefaults
    - ZLPhotoBrowser
  - "LHTools/工具类/获取文件 (0.0.2)":
    - Alamofire
    - Hero
    - IQKeyboardManagerSwift
    - JXPhotoBrowser
    - Kingfisher
    - MBProgressHUD
    - MJRefresh
    - NVActivityIndicatorView
    - SnapKit
    - SQLite.swift
    - SwiftyUserDefaults
    - ZLPhotoBrowser
  - "LHTools/工具类/请求 (0.0.2)":
    - Alamofire
    - Hero
    - IQKeyboardManagerSwift
    - JXPhotoBrowser
    - Kingfisher
    - MBProgressHUD
    - MJRefresh
    - NVActivityIndicatorView
    - SnapKit
    - SQLite.swift
    - SwiftyUserDefaults
    - ZLPhotoBrowser
  - "LHTools/扩展 (0.0.2)":
    - Alamofire
    - Hero
    - IQKeyboardManagerSwift
    - JXPhotoBrowser
    - Kingfisher
    - "LHTools/扩展/Color (= 0.0.2)"
    - "LHTools/扩展/Date (= 0.0.2)"
    - "LHTools/扩展/Kingfisher (= 0.0.2)"
    - "LHTools/扩展/Nav (= 0.0.2)"
    - "LHTools/扩展/Number (= 0.0.2)"
    - "LHTools/扩展/SegmentedControl (= 0.0.2)"
    - "LHTools/扩展/Set (= 0.0.2)"
    - "LHTools/扩展/SnapKit (= 0.0.2)"
    - "LHTools/扩展/String (= 0.0.2)"
    - "LHTools/扩展/View (= 0.0.2)"
    - "LHTools/扩展/Xib (= 0.0.2)"
    - MBProgressHUD
    - MJRefresh
    - NVActivityIndicatorView
    - SnapKit
    - SQLite.swift
    - SwiftyUserDefaults
    - ZLPhotoBrowser
  - "LHTools/扩展/Color (0.0.2)":
    - Alamofire
    - Hero
    - IQKeyboardManagerSwift
    - JXPhotoBrowser
    - Kingfisher
    - MBProgressHUD
    - MJRefresh
    - NVActivityIndicatorView
    - SnapKit
    - SQLite.swift
    - SwiftyUserDefaults
    - ZLPhotoBrowser
  - "LHTools/扩展/Date (0.0.2)":
    - Alamofire
    - Hero
    - IQKeyboardManagerSwift
    - JXPhotoBrowser
    - Kingfisher
    - MBProgressHUD
    - MJRefresh
    - NVActivityIndicatorView
    - SnapKit
    - SQLite.swift
    - SwiftyUserDefaults
    - ZLPhotoBrowser
  - "LHTools/扩展/Kingfisher (0.0.2)":
    - Alamofire
    - Hero
    - IQKeyboardManagerSwift
    - JXPhotoBrowser
    - Kingfisher
    - MBProgressHUD
    - MJRefresh
    - NVActivityIndicatorView
    - SnapKit
    - SQLite.swift
    - SwiftyUserDefaults
    - ZLPhotoBrowser
  - "LHTools/扩展/Nav (0.0.2)":
    - Alamofire
    - Hero
    - IQKeyboardManagerSwift
    - JXPhotoBrowser
    - Kingfisher
    - MBProgressHUD
    - MJRefresh
    - NVActivityIndicatorView
    - SnapKit
    - SQLite.swift
    - SwiftyUserDefaults
    - ZLPhotoBrowser
  - "LHTools/扩展/Number (0.0.2)":
    - Alamofire
    - Hero
    - IQKeyboardManagerSwift
    - JXPhotoBrowser
    - Kingfisher
    - MBProgressHUD
    - MJRefresh
    - NVActivityIndicatorView
    - SnapKit
    - SQLite.swift
    - SwiftyUserDefaults
    - ZLPhotoBrowser
  - "LHTools/扩展/SegmentedControl (0.0.2)":
    - Alamofire
    - Hero
    - IQKeyboardManagerSwift
    - JXPhotoBrowser
    - Kingfisher
    - MBProgressHUD
    - MJRefresh
    - NVActivityIndicatorView
    - SnapKit
    - SQLite.swift
    - SwiftyUserDefaults
    - ZLPhotoBrowser
  - "LHTools/扩展/Set (0.0.2)":
    - Alamofire
    - Hero
    - IQKeyboardManagerSwift
    - JXPhotoBrowser
    - Kingfisher
    - MBProgressHUD
    - MJRefresh
    - NVActivityIndicatorView
    - SnapKit
    - SQLite.swift
    - SwiftyUserDefaults
    - ZLPhotoBrowser
  - "LHTools/扩展/SnapKit (0.0.2)":
    - Alamofire
    - Hero
    - IQKeyboardManagerSwift
    - JXPhotoBrowser
    - Kingfisher
    - MBProgressHUD
    - MJRefresh
    - NVActivityIndicatorView
    - SnapKit
    - SQLite.swift
    - SwiftyUserDefaults
    - ZLPhotoBrowser
  - "LHTools/扩展/String (0.0.2)":
    - Alamofire
    - Hero
    - IQKeyboardManagerSwift
    - JXPhotoBrowser
    - Kingfisher
    - MBProgressHUD
    - MJRefresh
    - NVActivityIndicatorView
    - SnapKit
    - SQLite.swift
    - SwiftyUserDefaults
    - ZLPhotoBrowser
  - "LHTools/扩展/View (0.0.2)":
    - Alamofire
    - Hero
    - IQKeyboardManagerSwift
    - JXPhotoBrowser
    - Kingfisher
    - MBProgressHUD
    - MJRefresh
    - NVActivityIndicatorView
    - SnapKit
    - SQLite.swift
    - SwiftyUserDefaults
    - ZLPhotoBrowser
  - "LHTools/扩展/Xib (0.0.2)":
    - Alamofire
    - Hero
    - IQKeyboardManagerSwift
    - JXPhotoBrowser
    - Kingfisher
    - MBProgressHUD
    - MJRefresh
    - NVActivityIndicatorView
    - SnapKit
    - SQLite.swift
    - SwiftyUserDefaults
    - ZLPhotoBrowser
  - "LHTools/自定义视图 (0.0.2)":
    - Alamofire
    - Hero
    - IQKeyboardManagerSwift
    - JXPhotoBrowser
    - Kingfisher
    - "LHTools/自定义视图/PhotoBrowser (= 0.0.2)"
    - "LHTools/自定义视图/PopView (= 0.0.2)"
    - "LHTools/自定义视图/加载等待 (= 0.0.2)"
    - "LHTools/自定义视图/图片上传 (= 0.0.2)"
    - "LHTools/自定义视图/图片缩放预览 (= 0.0.2)"
    - "LHTools/自定义视图/提示框 (= 0.0.2)"
    - "LHTools/自定义视图/时间段选择器 (= 0.0.2)"
    - "LHTools/自定义视图/测试服切换工具 (= 0.0.2)"
    - "LHTools/自定义视图/点赞动画 (= 0.0.2)"
    - "LHTools/自定义视图/轮播 (= 0.0.2)"
    - "LHTools/自定义视图/选择器 (= 0.0.2)"
    - MBProgressHUD
    - MJRefresh
    - NVActivityIndicatorView
    - SnapKit
    - SQLite.swift
    - SwiftyUserDefaults
    - ZLPhotoBrowser
  - "LHTools/自定义视图/PhotoBrowser (0.0.2)":
    - Alamofire
    - Hero
    - IQKeyboardManagerSwift
    - JXPhotoBrowser
    - Kingfisher
    - MBProgressHUD
    - MJRefresh
    - NVActivityIndicatorView
    - SnapKit
    - SQLite.swift
    - SwiftyUserDefaults
    - ZLPhotoBrowser
  - "LHTools/自定义视图/PopView (0.0.2)":
    - Alamofire
    - Hero
    - IQKeyboardManagerSwift
    - JXPhotoBrowser
    - Kingfisher
    - MBProgressHUD
    - MJRefresh
    - NVActivityIndicatorView
    - SnapKit
    - SQLite.swift
    - SwiftyUserDefaults
    - ZLPhotoBrowser
  - "LHTools/自定义视图/加载等待 (0.0.2)":
    - Alamofire
    - Hero
    - IQKeyboardManagerSwift
    - JXPhotoBrowser
    - Kingfisher
    - MBProgressHUD
    - MJRefresh
    - NVActivityIndicatorView
    - SnapKit
    - SQLite.swift
    - SwiftyUserDefaults
    - ZLPhotoBrowser
  - "LHTools/自定义视图/图片上传 (0.0.2)":
    - Alamofire
    - Hero
    - IQKeyboardManagerSwift
    - JXPhotoBrowser
    - Kingfisher
    - "LHTools/自定义视图/图片上传/多图选择控件 (= 0.0.2)"
    - "LHTools/自定义视图/图片上传/快速上传 (= 0.0.2)"
    - MBProgressHUD
    - MJRefresh
    - NVActivityIndicatorView
    - SnapKit
    - SQLite.swift
    - SwiftyUserDefaults
    - ZLPhotoBrowser
  - "LHTools/自定义视图/图片上传/多图选择控件 (0.0.2)":
    - Alamofire
    - Hero
    - IQKeyboardManagerSwift
    - JXPhotoBrowser
    - Kingfisher
    - MBProgressHUD
    - MJRefresh
    - NVActivityIndicatorView
    - SnapKit
    - SQLite.swift
    - SwiftyUserDefaults
    - ZLPhotoBrowser
  - "LHTools/自定义视图/图片上传/快速上传 (0.0.2)":
    - Alamofire
    - Hero
    - IQKeyboardManagerSwift
    - JXPhotoBrowser
    - Kingfisher
    - MBProgressHUD
    - MJRefresh
    - NVActivityIndicatorView
    - SnapKit
    - SQLite.swift
    - SwiftyUserDefaults
    - ZLPhotoBrowser
  - "LHTools/自定义视图/图片缩放预览 (0.0.2)":
    - Alamofire
    - Hero
    - IQKeyboardManagerSwift
    - JXPhotoBrowser
    - Kingfisher
    - MBProgressHUD
    - MJRefresh
    - NVActivityIndicatorView
    - SnapKit
    - SQLite.swift
    - SwiftyUserDefaults
    - ZLPhotoBrowser
  - "LHTools/自定义视图/提示框 (0.0.2)":
    - Alamofire
    - Hero
    - IQKeyboardManagerSwift
    - JXPhotoBrowser
    - Kingfisher
    - MBProgressHUD
    - MJRefresh
    - NVActivityIndicatorView
    - SnapKit
    - SQLite.swift
    - SwiftyUserDefaults
    - ZLPhotoBrowser
  - "LHTools/自定义视图/时间段选择器 (0.0.2)":
    - Alamofire
    - Hero
    - IQKeyboardManagerSwift
    - JXPhotoBrowser
    - Kingfisher
    - MBProgressHUD
    - MJRefresh
    - NVActivityIndicatorView
    - SnapKit
    - SQLite.swift
    - SwiftyUserDefaults
    - ZLPhotoBrowser
  - "LHTools/自定义视图/测试服切换工具 (0.0.2)":
    - Alamofire
    - Hero
    - IQKeyboardManagerSwift
    - JXPhotoBrowser
    - Kingfisher
    - MBProgressHUD
    - MJRefresh
    - NVActivityIndicatorView
    - SnapKit
    - SQLite.swift
    - SwiftyUserDefaults
    - ZLPhotoBrowser
  - "LHTools/自定义视图/点赞动画 (0.0.2)":
    - Alamofire
    - Hero
    - IQKeyboardManagerSwift
    - JXPhotoBrowser
    - Kingfisher
    - MBProgressHUD
    - MJRefresh
    - NVActivityIndicatorView
    - SnapKit
    - SQLite.swift
    - SwiftyUserDefaults
    - ZLPhotoBrowser
  - "LHTools/自定义视图/轮播 (0.0.2)":
    - Alamofire
    - Hero
    - IQKeyboardManagerSwift
    - JXPhotoBrowser
    - Kingfisher
    - MBProgressHUD
    - MJRefresh
    - NVActivityIndicatorView
    - SnapKit
    - SQLite.swift
    - SwiftyUserDefaults
    - ZLPhotoBrowser
  - "LHTools/自定义视图/选择器 (0.0.2)":
    - Alamofire
    - Hero
    - IQKeyboardManagerSwift
    - JXPhotoBrowser
    - Kingfisher
    - "LHTools/自定义视图/选择器/CustomPicker (= 0.0.2)"
    - MBProgressHUD
    - MJRefresh
    - NVActivityIndicatorView
    - SnapKit
    - SQLite.swift
    - SwiftyUserDefaults
    - ZLPhotoBrowser
  - "LHTools/自定义视图/选择器/CustomPicker (0.0.2)":
    - Alamofire
    - Hero
    - IQKeyboardManagerSwift
    - JXPhotoBrowser
    - Kingfisher
    - "LHTools/自定义视图/选择器/CustomPicker/CityDataBase (= 0.0.2)"
    - MBProgressHUD
    - MJRefresh
    - NVActivityIndicatorView
    - SnapKit
    - SQLite.swift
    - SwiftyUserDefaults
    - ZLPhotoBrowser
  - "LHTools/自定义视图/选择器/CustomPicker/CityDataBase (0.0.2)":
    - Alamofire
    - Hero
    - IQKeyboardManagerSwift
    - JXPhotoBrowser
    - Kingfisher
    - MBProgressHUD
    - MJRefresh
    - NVActivityIndicatorView
    - SnapKit
    - SQLite.swift
    - SwiftyUserDefaults
    - ZLPhotoBrowser
  - MBProgressHUD (1.2.0)
  - MJRefresh (3.7.2)
  - NVActivityIndicatorView (5.1.1):
    - NVActivityIndicatorView/Base (= 5.1.1)
  - NVActivityIndicatorView/Base (5.1.1)
  - SnapKit (5.0.1)
  - SQLite.swift (0.13.0):
    - SQLite.swift/standard (= 0.13.0)
  - SQLite.swift/standard (0.13.0)
  - SwiftyUserDefaults (5.3.0)
  - ZLPhotoBrowser (4.3.7):
    - ZLPhotoBrowser/Core (= 4.3.7)
  - ZLPhotoBrowser/Core (4.3.7)

DEPENDENCIES:
  - LHTools (from `../`)

SPEC REPOS:
  https://github.com/CocoaPods/Specs.git:
    - Alamofire
    - Hero
    - IQKeyboardManagerSwift
    - JXPhotoBrowser
    - Kingfisher
    - MBProgressHUD
    - MJRefresh
    - NVActivityIndicatorView
    - SnapKit
    - SQLite.swift
    - SwiftyUserDefaults
    - ZLPhotoBrowser

EXTERNAL SOURCES:
  LHTools:
    :path: "../"

SPEC CHECKSUMS:
  Alamofire: e447a2774a40c996748296fa2c55112fdbbc42f9
  Hero: 215865ba3ae41dd9bb08cd6c60a645529c6fc94b
  IQKeyboardManagerSwift: c7df9d2deb356c04522f5c4b7b6e4ce4d8ed94fe
  JXPhotoBrowser: d32e94e1226d43bf5ed83164e3f5b651fed625e0
  Kingfisher: 016c8b653a35add51dd34a3aba36b580041acc74
  LHTools: 8297596945cdf9aa8198f36cb6e064e588482c0e
  MBProgressHUD: 3ee5efcc380f6a79a7cc9b363dd669c5e1ae7406
  MJRefresh: 30997d30b347c8e9508a4db11e3a690da0c9b85a
  NVActivityIndicatorView: 1f6c5687f1171810aa27a3296814dc2d7dec3667
  SnapKit: 97b92857e3df3a0c71833cce143274bf6ef8e5eb
  SQLite.swift: 8add701609fd0ef78d097dcc75d20a9782e6f5fc
  SwiftyUserDefaults: 63f80248cf5bfb3458825d9a78f2eb7e1293a040
  ZLPhotoBrowser: f571bdaec6d0b64ae94a29787e4c7cbd8900d10f

PODFILE CHECKSUM: 3a9c614dcd527850fd330a9aad5e9668abe2694f

COCOAPODS: 1.16.2
