PODS:
  - Alamofire (5.10.2)
  - Hero (1.6.4)
  - IQKeyboardManagerSwift (6.5.16)
  - JXPhotoBrowser (3.1.5)
  - Kingfisher (7.12.0)
  - LHTools (0.0.4):
    - Alamofire
    - Hero
    - IQKeyboardManagerSwift
    - JXPhotoBrowser
    - Kingfisher
    - LHTools/Global (= 0.0.4)
    - LHTools/Other (= 0.0.4)
    - LHTools/Source (= 0.0.4)
    - LHTools/View (= 0.0.4)
    - "LHTools/基类 (= 0.0.4)"
    - "LHTools/工具类 (= 0.0.4)"
    - "LHTools/扩展 (= 0.0.4)"
    - "LHTools/自定义视图 (= 0.0.4)"
    - MBProgressHUD
    - MJRefresh
    - NVActivityIndicatorView
    - SnapKit
    - SQLite.swift
    - SwiftyUserDefaults
    - ZLPhotoBrowser
  - LHTools/Global (0.0.4):
    - Alamofire
    - Hero
    - IQKeyboardManagerSwift
    - JXPhotoBrowser
    - Kingfisher
    - MBProgressHUD
    - MJRefresh
    - NVActivityIndicatorView
    - SnapKit
    - SQLite.swift
    - SwiftyUserDefaults
    - ZLPhotoBrowser
  - LHTools/Other (0.0.4):
    - Alamofire
    - Hero
    - IQKeyboardManagerSwift
    - JXPhotoBrowser
    - Kingfisher
    - LHTools/Other/Distrib (= 0.0.4)
    - MBProgressHUD
    - MJRefresh
    - NVActivityIndicatorView
    - SnapKit
    - SQLite.swift
    - SwiftyUserDefaults
    - ZLPhotoBrowser
  - LHTools/Other/Distrib (0.0.4):
    - Alamofire
    - Hero
    - IQKeyboardManagerSwift
    - JXPhotoBrowser
    - Kingfisher
    - MBProgressHUD
    - MJRefresh
    - NVActivityIndicatorView
    - SnapKit
    - SQLite.swift
    - SwiftyUserDefaults
    - ZLPhotoBrowser
  - LHTools/Source (0.0.4):
    - Alamofire
    - Hero
    - IQKeyboardManagerSwift
    - JXPhotoBrowser
    - Kingfisher
    - MBProgressHUD
    - MJRefresh
    - NVActivityIndicatorView
    - SnapKit
    - SQLite.swift
    - SwiftyUserDefaults
    - ZLPhotoBrowser
  - LHTools/View (0.0.4):
    - Alamofire
    - Hero
    - IQKeyboardManagerSwift
    - JXPhotoBrowser
    - Kingfisher
    - MBProgressHUD
    - MJRefresh
    - NVActivityIndicatorView
    - SnapKit
    - SQLite.swift
    - SwiftyUserDefaults
    - ZLPhotoBrowser
  - "LHTools/基类 (0.0.4)":
    - Alamofire
    - Hero
    - IQKeyboardManagerSwift
    - JXPhotoBrowser
    - Kingfisher
    - MBProgressHUD
    - MJRefresh
    - NVActivityIndicatorView
    - SnapKit
    - SQLite.swift
    - SwiftyUserDefaults
    - ZLPhotoBrowser
  - "LHTools/工具类 (0.0.4)":
    - Alamofire
    - Hero
    - IQKeyboardManagerSwift
    - JXPhotoBrowser
    - Kingfisher
    - "LHTools/工具类/AuthorizationManager (= 0.0.4)"
    - "LHTools/工具类/Utils (= 0.0.4)"
    - "LHTools/工具类/VideoPlayer (= 0.0.4)"
    - "LHTools/工具类/二维码 (= 0.0.4)"
    - "LHTools/工具类/约束 (= 0.0.4)"
    - "LHTools/工具类/缓存 (= 0.0.4)"
    - "LHTools/工具类/获取文件 (= 0.0.4)"
    - "LHTools/工具类/请求 (= 0.0.4)"
    - MBProgressHUD
    - MJRefresh
    - NVActivityIndicatorView
    - SnapKit
    - SQLite.swift
    - SwiftyUserDefaults
    - ZLPhotoBrowser
  - "LHTools/工具类/AuthorizationManager (0.0.4)":
    - Alamofire
    - Hero
    - IQKeyboardManagerSwift
    - JXPhotoBrowser
    - Kingfisher
    - MBProgressHUD
    - MJRefresh
    - NVActivityIndicatorView
    - SnapKit
    - SQLite.swift
    - SwiftyUserDefaults
    - ZLPhotoBrowser
  - "LHTools/工具类/Utils (0.0.4)":
    - Alamofire
    - Hero
    - IQKeyboardManagerSwift
    - JXPhotoBrowser
    - Kingfisher
    - MBProgressHUD
    - MJRefresh
    - NVActivityIndicatorView
    - SnapKit
    - SQLite.swift
    - SwiftyUserDefaults
    - ZLPhotoBrowser
  - "LHTools/工具类/VideoPlayer (0.0.4)":
    - Alamofire
    - Hero
    - IQKeyboardManagerSwift
    - JXPhotoBrowser
    - Kingfisher
    - MBProgressHUD
    - MJRefresh
    - NVActivityIndicatorView
    - SnapKit
    - SQLite.swift
    - SwiftyUserDefaults
    - ZLPhotoBrowser
  - "LHTools/工具类/二维码 (0.0.4)":
    - Alamofire
    - Hero
    - IQKeyboardManagerSwift
    - JXPhotoBrowser
    - Kingfisher
    - MBProgressHUD
    - MJRefresh
    - NVActivityIndicatorView
    - SnapKit
    - SQLite.swift
    - SwiftyUserDefaults
    - ZLPhotoBrowser
  - "LHTools/工具类/约束 (0.0.4)":
    - Alamofire
    - Hero
    - IQKeyboardManagerSwift
    - JXPhotoBrowser
    - Kingfisher
    - MBProgressHUD
    - MJRefresh
    - NVActivityIndicatorView
    - SnapKit
    - SQLite.swift
    - SwiftyUserDefaults
    - ZLPhotoBrowser
  - "LHTools/工具类/缓存 (0.0.4)":
    - Alamofire
    - Hero
    - IQKeyboardManagerSwift
    - JXPhotoBrowser
    - Kingfisher
    - MBProgressHUD
    - MJRefresh
    - NVActivityIndicatorView
    - SnapKit
    - SQLite.swift
    - SwiftyUserDefaults
    - ZLPhotoBrowser
  - "LHTools/工具类/获取文件 (0.0.4)":
    - Alamofire
    - Hero
    - IQKeyboardManagerSwift
    - JXPhotoBrowser
    - Kingfisher
    - MBProgressHUD
    - MJRefresh
    - NVActivityIndicatorView
    - SnapKit
    - SQLite.swift
    - SwiftyUserDefaults
    - ZLPhotoBrowser
  - "LHTools/工具类/请求 (0.0.4)":
    - Alamofire
    - Hero
    - IQKeyboardManagerSwift
    - JXPhotoBrowser
    - Kingfisher
    - MBProgressHUD
    - MJRefresh
    - NVActivityIndicatorView
    - SnapKit
    - SQLite.swift
    - SwiftyUserDefaults
    - ZLPhotoBrowser
  - "LHTools/扩展 (0.0.4)":
    - Alamofire
    - Hero
    - IQKeyboardManagerSwift
    - JXPhotoBrowser
    - Kingfisher
    - "LHTools/扩展/Color (= 0.0.4)"
    - "LHTools/扩展/Date (= 0.0.4)"
    - "LHTools/扩展/Kingfisher (= 0.0.4)"
    - "LHTools/扩展/Nav (= 0.0.4)"
    - "LHTools/扩展/Number (= 0.0.4)"
    - "LHTools/扩展/SegmentedControl (= 0.0.4)"
    - "LHTools/扩展/Set (= 0.0.4)"
    - "LHTools/扩展/SnapKit (= 0.0.4)"
    - "LHTools/扩展/String (= 0.0.4)"
    - "LHTools/扩展/View (= 0.0.4)"
    - "LHTools/扩展/Xib (= 0.0.4)"
    - MBProgressHUD
    - MJRefresh
    - NVActivityIndicatorView
    - SnapKit
    - SQLite.swift
    - SwiftyUserDefaults
    - ZLPhotoBrowser
  - "LHTools/扩展/Color (0.0.4)":
    - Alamofire
    - Hero
    - IQKeyboardManagerSwift
    - JXPhotoBrowser
    - Kingfisher
    - MBProgressHUD
    - MJRefresh
    - NVActivityIndicatorView
    - SnapKit
    - SQLite.swift
    - SwiftyUserDefaults
    - ZLPhotoBrowser
  - "LHTools/扩展/Date (0.0.4)":
    - Alamofire
    - Hero
    - IQKeyboardManagerSwift
    - JXPhotoBrowser
    - Kingfisher
    - MBProgressHUD
    - MJRefresh
    - NVActivityIndicatorView
    - SnapKit
    - SQLite.swift
    - SwiftyUserDefaults
    - ZLPhotoBrowser
  - "LHTools/扩展/Kingfisher (0.0.4)":
    - Alamofire
    - Hero
    - IQKeyboardManagerSwift
    - JXPhotoBrowser
    - Kingfisher
    - MBProgressHUD
    - MJRefresh
    - NVActivityIndicatorView
    - SnapKit
    - SQLite.swift
    - SwiftyUserDefaults
    - ZLPhotoBrowser
  - "LHTools/扩展/Nav (0.0.4)":
    - Alamofire
    - Hero
    - IQKeyboardManagerSwift
    - JXPhotoBrowser
    - Kingfisher
    - MBProgressHUD
    - MJRefresh
    - NVActivityIndicatorView
    - SnapKit
    - SQLite.swift
    - SwiftyUserDefaults
    - ZLPhotoBrowser
  - "LHTools/扩展/Number (0.0.4)":
    - Alamofire
    - Hero
    - IQKeyboardManagerSwift
    - JXPhotoBrowser
    - Kingfisher
    - MBProgressHUD
    - MJRefresh
    - NVActivityIndicatorView
    - SnapKit
    - SQLite.swift
    - SwiftyUserDefaults
    - ZLPhotoBrowser
  - "LHTools/扩展/SegmentedControl (0.0.4)":
    - Alamofire
    - Hero
    - IQKeyboardManagerSwift
    - JXPhotoBrowser
    - Kingfisher
    - MBProgressHUD
    - MJRefresh
    - NVActivityIndicatorView
    - SnapKit
    - SQLite.swift
    - SwiftyUserDefaults
    - ZLPhotoBrowser
  - "LHTools/扩展/Set (0.0.4)":
    - Alamofire
    - Hero
    - IQKeyboardManagerSwift
    - JXPhotoBrowser
    - Kingfisher
    - MBProgressHUD
    - MJRefresh
    - NVActivityIndicatorView
    - SnapKit
    - SQLite.swift
    - SwiftyUserDefaults
    - ZLPhotoBrowser
  - "LHTools/扩展/SnapKit (0.0.4)":
    - Alamofire
    - Hero
    - IQKeyboardManagerSwift
    - JXPhotoBrowser
    - Kingfisher
    - MBProgressHUD
    - MJRefresh
    - NVActivityIndicatorView
    - SnapKit
    - SQLite.swift
    - SwiftyUserDefaults
    - ZLPhotoBrowser
  - "LHTools/扩展/String (0.0.4)":
    - Alamofire
    - Hero
    - IQKeyboardManagerSwift
    - JXPhotoBrowser
    - Kingfisher
    - MBProgressHUD
    - MJRefresh
    - NVActivityIndicatorView
    - SnapKit
    - SQLite.swift
    - SwiftyUserDefaults
    - ZLPhotoBrowser
  - "LHTools/扩展/View (0.0.4)":
    - Alamofire
    - Hero
    - IQKeyboardManagerSwift
    - JXPhotoBrowser
    - Kingfisher
    - MBProgressHUD
    - MJRefresh
    - NVActivityIndicatorView
    - SnapKit
    - SQLite.swift
    - SwiftyUserDefaults
    - ZLPhotoBrowser
  - "LHTools/扩展/Xib (0.0.4)":
    - Alamofire
    - Hero
    - IQKeyboardManagerSwift
    - JXPhotoBrowser
    - Kingfisher
    - MBProgressHUD
    - MJRefresh
    - NVActivityIndicatorView
    - SnapKit
    - SQLite.swift
    - SwiftyUserDefaults
    - ZLPhotoBrowser
  - "LHTools/自定义视图 (0.0.4)":
    - Alamofire
    - Hero
    - IQKeyboardManagerSwift
    - JXPhotoBrowser
    - Kingfisher
    - "LHTools/自定义视图/PhotoBrowser (= 0.0.4)"
    - "LHTools/自定义视图/PopView (= 0.0.4)"
    - "LHTools/自定义视图/加载等待 (= 0.0.4)"
    - "LHTools/自定义视图/图片上传 (= 0.0.4)"
    - "LHTools/自定义视图/图片缩放预览 (= 0.0.4)"
    - "LHTools/自定义视图/提示框 (= 0.0.4)"
    - "LHTools/自定义视图/时间段选择器 (= 0.0.4)"
    - "LHTools/自定义视图/测试服切换工具 (= 0.0.4)"
    - "LHTools/自定义视图/点赞动画 (= 0.0.4)"
    - "LHTools/自定义视图/轮播 (= 0.0.4)"
    - "LHTools/自定义视图/选择器 (= 0.0.4)"
    - MBProgressHUD
    - MJRefresh
    - NVActivityIndicatorView
    - SnapKit
    - SQLite.swift
    - SwiftyUserDefaults
    - ZLPhotoBrowser
  - "LHTools/自定义视图/PhotoBrowser (0.0.4)":
    - Alamofire
    - Hero
    - IQKeyboardManagerSwift
    - JXPhotoBrowser
    - Kingfisher
    - MBProgressHUD
    - MJRefresh
    - NVActivityIndicatorView
    - SnapKit
    - SQLite.swift
    - SwiftyUserDefaults
    - ZLPhotoBrowser
  - "LHTools/自定义视图/PopView (0.0.4)":
    - Alamofire
    - Hero
    - IQKeyboardManagerSwift
    - JXPhotoBrowser
    - Kingfisher
    - MBProgressHUD
    - MJRefresh
    - NVActivityIndicatorView
    - SnapKit
    - SQLite.swift
    - SwiftyUserDefaults
    - ZLPhotoBrowser
  - "LHTools/自定义视图/加载等待 (0.0.4)":
    - Alamofire
    - Hero
    - IQKeyboardManagerSwift
    - JXPhotoBrowser
    - Kingfisher
    - MBProgressHUD
    - MJRefresh
    - NVActivityIndicatorView
    - SnapKit
    - SQLite.swift
    - SwiftyUserDefaults
    - ZLPhotoBrowser
  - "LHTools/自定义视图/图片上传 (0.0.4)":
    - Alamofire
    - Hero
    - IQKeyboardManagerSwift
    - JXPhotoBrowser
    - Kingfisher
    - "LHTools/自定义视图/图片上传/多图选择控件 (= 0.0.4)"
    - "LHTools/自定义视图/图片上传/快速上传 (= 0.0.4)"
    - MBProgressHUD
    - MJRefresh
    - NVActivityIndicatorView
    - SnapKit
    - SQLite.swift
    - SwiftyUserDefaults
    - ZLPhotoBrowser
  - "LHTools/自定义视图/图片上传/多图选择控件 (0.0.4)":
    - Alamofire
    - Hero
    - IQKeyboardManagerSwift
    - JXPhotoBrowser
    - Kingfisher
    - MBProgressHUD
    - MJRefresh
    - NVActivityIndicatorView
    - SnapKit
    - SQLite.swift
    - SwiftyUserDefaults
    - ZLPhotoBrowser
  - "LHTools/自定义视图/图片上传/快速上传 (0.0.4)":
    - Alamofire
    - Hero
    - IQKeyboardManagerSwift
    - JXPhotoBrowser
    - Kingfisher
    - MBProgressHUD
    - MJRefresh
    - NVActivityIndicatorView
    - SnapKit
    - SQLite.swift
    - SwiftyUserDefaults
    - ZLPhotoBrowser
  - "LHTools/自定义视图/图片缩放预览 (0.0.4)":
    - Alamofire
    - Hero
    - IQKeyboardManagerSwift
    - JXPhotoBrowser
    - Kingfisher
    - MBProgressHUD
    - MJRefresh
    - NVActivityIndicatorView
    - SnapKit
    - SQLite.swift
    - SwiftyUserDefaults
    - ZLPhotoBrowser
  - "LHTools/自定义视图/提示框 (0.0.4)":
    - Alamofire
    - Hero
    - IQKeyboardManagerSwift
    - JXPhotoBrowser
    - Kingfisher
    - MBProgressHUD
    - MJRefresh
    - NVActivityIndicatorView
    - SnapKit
    - SQLite.swift
    - SwiftyUserDefaults
    - ZLPhotoBrowser
  - "LHTools/自定义视图/时间段选择器 (0.0.4)":
    - Alamofire
    - Hero
    - IQKeyboardManagerSwift
    - JXPhotoBrowser
    - Kingfisher
    - MBProgressHUD
    - MJRefresh
    - NVActivityIndicatorView
    - SnapKit
    - SQLite.swift
    - SwiftyUserDefaults
    - ZLPhotoBrowser
  - "LHTools/自定义视图/测试服切换工具 (0.0.4)":
    - Alamofire
    - Hero
    - IQKeyboardManagerSwift
    - JXPhotoBrowser
    - Kingfisher
    - MBProgressHUD
    - MJRefresh
    - NVActivityIndicatorView
    - SnapKit
    - SQLite.swift
    - SwiftyUserDefaults
    - ZLPhotoBrowser
  - "LHTools/自定义视图/点赞动画 (0.0.4)":
    - Alamofire
    - Hero
    - IQKeyboardManagerSwift
    - JXPhotoBrowser
    - Kingfisher
    - MBProgressHUD
    - MJRefresh
    - NVActivityIndicatorView
    - SnapKit
    - SQLite.swift
    - SwiftyUserDefaults
    - ZLPhotoBrowser
  - "LHTools/自定义视图/轮播 (0.0.4)":
    - Alamofire
    - Hero
    - IQKeyboardManagerSwift
    - JXPhotoBrowser
    - Kingfisher
    - MBProgressHUD
    - MJRefresh
    - NVActivityIndicatorView
    - SnapKit
    - SQLite.swift
    - SwiftyUserDefaults
    - ZLPhotoBrowser
  - "LHTools/自定义视图/选择器 (0.0.4)":
    - Alamofire
    - Hero
    - IQKeyboardManagerSwift
    - JXPhotoBrowser
    - Kingfisher
    - "LHTools/自定义视图/选择器/CustomPicker (= 0.0.4)"
    - MBProgressHUD
    - MJRefresh
    - NVActivityIndicatorView
    - SnapKit
    - SQLite.swift
    - SwiftyUserDefaults
    - ZLPhotoBrowser
  - "LHTools/自定义视图/选择器/CustomPicker (0.0.4)":
    - Alamofire
    - Hero
    - IQKeyboardManagerSwift
    - JXPhotoBrowser
    - Kingfisher
    - "LHTools/自定义视图/选择器/CustomPicker/CityDataBase (= 0.0.4)"
    - MBProgressHUD
    - MJRefresh
    - NVActivityIndicatorView
    - SnapKit
    - SQLite.swift
    - SwiftyUserDefaults
    - ZLPhotoBrowser
  - "LHTools/自定义视图/选择器/CustomPicker/CityDataBase (0.0.4)":
    - Alamofire
    - Hero
    - IQKeyboardManagerSwift
    - JXPhotoBrowser
    - Kingfisher
    - MBProgressHUD
    - MJRefresh
    - NVActivityIndicatorView
    - SnapKit
    - SQLite.swift
    - SwiftyUserDefaults
    - ZLPhotoBrowser
  - MBProgressHUD (1.2.0)
  - MJRefresh (3.7.9)
  - NVActivityIndicatorView (5.2.0):
    - NVActivityIndicatorView/Base (= 5.2.0)
  - NVActivityIndicatorView/Base (5.2.0)
  - SnapKit (5.7.1)
  - SQLite.swift (0.15.3):
    - SQLite.swift/standard (= 0.15.3)
  - SQLite.swift/standard (0.15.3)
  - SwiftyUserDefaults (5.3.0)
  - ZLPhotoBrowser (4.5.8):
    - ZLPhotoBrowser/Core (= 4.5.8)
  - ZLPhotoBrowser/Core (4.5.8)

DEPENDENCIES:
  - LHTools (from `../`)

SPEC REPOS:
  https://github.com/CocoaPods/Specs.git:
    - Alamofire
    - Hero
    - IQKeyboardManagerSwift
    - JXPhotoBrowser
    - Kingfisher
    - MBProgressHUD
    - MJRefresh
    - NVActivityIndicatorView
    - SnapKit
    - SQLite.swift
    - SwiftyUserDefaults
    - ZLPhotoBrowser

EXTERNAL SOURCES:
  LHTools:
    :path: "../"

SPEC CHECKSUMS:
  Alamofire: 7193b3b92c74a07f85569e1a6c4f4237291e7496
  Hero: 473a0143017e1371d050fcbedb67d317925097f2
  IQKeyboardManagerSwift: 12d89768845bb77b55cc092ecc2b1f9370f06b76
  JXPhotoBrowser: a6d745f5711bde79b02ba29165e2456ab5bde476
  Kingfisher: 53a10ea35051a436b5fb626ca2dd8f3144d755e9
  LHTools: ffdb60129c2f02eb49f31f66af1aeae573b3344f
  MBProgressHUD: 3ee5efcc380f6a79a7cc9b363dd669c5e1ae7406
  MJRefresh: ff9e531227924c84ce459338414550a05d2aea78
  NVActivityIndicatorView: fe52a6a68664c2df8991d7d9e3d86d8d19453c53
  SnapKit: d612e99e678a2d3b95bf60b0705ed0a35c03484a
  SQLite.swift: 8d054987f02728cc912b0eb5a9659650573a65a2
  SwiftyUserDefaults: 63f80248cf5bfb3458825d9a78f2eb7e1293a040
  ZLPhotoBrowser: 52c8b386e3f9a7885676027c529a015147df502c

PODFILE CHECKSUM: 3a9c614dcd527850fd330a9aad5e9668abe2694f

COCOAPODS: 1.16.2
