// !$*UTF8*$!
{
	archiveVersion = 1;
	classes = {
	};
	objectVersion = 46;
	objects = {

/* Begin PBXBuildFile section */
		607FACD61AFB9204008FA782 /* AppDelegate.swift in Sources */ = {isa = PBXBuildFile; fileRef = 607FACD51AFB9204008FA782 /* AppDelegate.swift */; };
		607FACD81AFB9204008FA782 /* ViewController.swift in Sources */ = {isa = PBXBuildFile; fileRef = 607FACD71AFB9204008FA782 /* ViewController.swift */; };
		607FACDB1AFB9204008FA782 /* Main.storyboard in Resources */ = {isa = PBXBuildFile; fileRef = 607FACD91AFB9204008FA782 /* Main.storyboard */; };
		607FACDD1AFB9204008FA782 /* Images.xcassets in Resources */ = {isa = PBXBuildFile; fileRef = 607FACDC1AFB9204008FA782 /* Images.xcassets */; };
		607FACE01AFB9204008FA782 /* LaunchScreen.xib in Resources */ = {isa = PBXBuildFile; fileRef = 607FACDE1AFB9204008FA782 /* LaunchScreen.xib */; };
		607FACEC1AFB9204008FA782 /* Tests.swift in Sources */ = {isa = PBXBuildFile; fileRef = 607FACEB1AFB9204008FA782 /* Tests.swift */; };
		77D8E6E5A6BB6E57602AEAAE /* Pods_LHTools_Example.framework in Frameworks */ = {isa = PBXBuildFile; fileRef = 8F65B99634DBE91A215033C5 /* Pods_LHTools_Example.framework */; };
		DB046D8A123D36B573A17CA3 /* Pods_LHTools_Tests.framework in Frameworks */ = {isa = PBXBuildFile; fileRef = 07509A03F5415140F749D995 /* Pods_LHTools_Tests.framework */; };
		F40E91A22681E4DD007721CE /* LHTools.swift in Sources */ = {isa = PBXBuildFile; fileRef = F40E919F2681E1E4007721CE /* LHTools.swift */; };
		F4333C9A26609A5F00D9BFAC /* BaseTabVC.swift in Sources */ = {isa = PBXBuildFile; fileRef = F4333C9826609A5F00D9BFAC /* BaseTabVC.swift */; };
		F4333C9B26609A5F00D9BFAC /* BaseTabVC.xib in Resources */ = {isa = PBXBuildFile; fileRef = F4333C9926609A5F00D9BFAC /* BaseTabVC.xib */; };
		F495625E2682E0AE00AFF39F /* RedPoint.swift in Sources */ = {isa = PBXBuildFile; fileRef = F495625D2682E0AE00AFF39F /* RedPoint.swift */; };
		F49562632682E12A00AFF39F /* LHSwiftFunctions.swift in Sources */ = {isa = PBXBuildFile; fileRef = F49562622682E12A00AFF39F /* LHSwiftFunctions.swift */; };
		F49562672682E16B00AFF39F /* BMSelectView.swift in Sources */ = {isa = PBXBuildFile; fileRef = F49562662682E16B00AFF39F /* BMSelectView.swift */; };
		F495626C2682E18400AFF39F /* UISegmentedControl+Extension.swift in Sources */ = {isa = PBXBuildFile; fileRef = F495626B2682E18400AFF39F /* UISegmentedControl+Extension.swift */; };
		F49562982682E68300AFF39F /* PhotoBrowserProgressView.swift in Sources */ = {isa = PBXBuildFile; fileRef = F49562962682E68300AFF39F /* PhotoBrowserProgressView.swift */; };
		F49562992682E68300AFF39F /* PhotoBrowser.swift in Sources */ = {isa = PBXBuildFile; fileRef = F49562972682E68300AFF39F /* PhotoBrowser.swift */; };
		F49CCF8A2684849200DEF7D5 /* wuwangluo.png in Resources */ = {isa = PBXBuildFile; fileRef = F49CCF892684849200DEF7D5 /* wuwangluo.png */; };
		F49CCF8F268484A600DEF7D5 /* BMImgItems_UploadImg.png in Resources */ = {isa = PBXBuildFile; fileRef = F49CCF8B268484A500DEF7D5 /* BMImgItems_UploadImg.png */; };
		F49CCF90268484A600DEF7D5 /* BMback_Icon.png in Resources */ = {isa = PBXBuildFile; fileRef = F49CCF8C268484A600DEF7D5 /* BMback_Icon.png */; };
		F49CCF91268484A600DEF7D5 /* photoDelete.png in Resources */ = {isa = PBXBuildFile; fileRef = F49CCF8D268484A600DEF7D5 /* photoDelete.png */; };
		F49CCF92268484A600DEF7D5 /* 图片加载失败.png in Resources */ = {isa = PBXBuildFile; fileRef = F49CCF8E268484A600DEF7D5 /* 图片加载失败.png */; };
/* End PBXBuildFile section */

/* Begin PBXContainerItemProxy section */
		607FACE61AFB9204008FA782 /* PBXContainerItemProxy */ = {
			isa = PBXContainerItemProxy;
			containerPortal = 607FACC81AFB9204008FA782 /* Project object */;
			proxyType = 1;
			remoteGlobalIDString = 607FACCF1AFB9204008FA782;
			remoteInfo = LHTools;
		};
/* End PBXContainerItemProxy section */

/* Begin PBXFileReference section */
		07509A03F5415140F749D995 /* Pods_LHTools_Tests.framework */ = {isa = PBXFileReference; explicitFileType = wrapper.framework; includeInIndex = 0; path = Pods_LHTools_Tests.framework; sourceTree = BUILT_PRODUCTS_DIR; };
		184B0FDDB348DFF92A6A5AA6 /* Pods-LHTools_Tests.release.xcconfig */ = {isa = PBXFileReference; includeInIndex = 1; lastKnownFileType = text.xcconfig; name = "Pods-LHTools_Tests.release.xcconfig"; path = "Target Support Files/Pods-LHTools_Tests/Pods-LHTools_Tests.release.xcconfig"; sourceTree = "<group>"; };
		2791A5DBE5B9F2832F4B8697 /* Pods-LHTools_Example.release.xcconfig */ = {isa = PBXFileReference; includeInIndex = 1; lastKnownFileType = text.xcconfig; name = "Pods-LHTools_Example.release.xcconfig"; path = "Target Support Files/Pods-LHTools_Example/Pods-LHTools_Example.release.xcconfig"; sourceTree = "<group>"; };
		2C096D74EE1CC4C1F32F75E5 /* Pods-LHTools_Example.debug.xcconfig */ = {isa = PBXFileReference; includeInIndex = 1; lastKnownFileType = text.xcconfig; name = "Pods-LHTools_Example.debug.xcconfig"; path = "Target Support Files/Pods-LHTools_Example/Pods-LHTools_Example.debug.xcconfig"; sourceTree = "<group>"; };
		353F25799A753429441E4DD0 /* LHTools.podspec */ = {isa = PBXFileReference; includeInIndex = 1; lastKnownFileType = text; name = LHTools.podspec; path = ../LHTools.podspec; sourceTree = "<group>"; xcLanguageSpecificationIdentifier = xcode.lang.ruby; };
		3749BA68C88CC8CC2C04630F /* Pods-LHTools_Tests.debug.xcconfig */ = {isa = PBXFileReference; includeInIndex = 1; lastKnownFileType = text.xcconfig; name = "Pods-LHTools_Tests.debug.xcconfig"; path = "Target Support Files/Pods-LHTools_Tests/Pods-LHTools_Tests.debug.xcconfig"; sourceTree = "<group>"; };
		607FACD01AFB9204008FA782 /* LHTools_Example.app */ = {isa = PBXFileReference; explicitFileType = wrapper.application; includeInIndex = 0; path = LHTools_Example.app; sourceTree = BUILT_PRODUCTS_DIR; };
		607FACD41AFB9204008FA782 /* Info.plist */ = {isa = PBXFileReference; lastKnownFileType = text.plist.xml; path = Info.plist; sourceTree = "<group>"; };
		607FACD51AFB9204008FA782 /* AppDelegate.swift */ = {isa = PBXFileReference; lastKnownFileType = sourcecode.swift; path = AppDelegate.swift; sourceTree = "<group>"; };
		607FACD71AFB9204008FA782 /* ViewController.swift */ = {isa = PBXFileReference; lastKnownFileType = sourcecode.swift; path = ViewController.swift; sourceTree = "<group>"; };
		607FACDA1AFB9204008FA782 /* Base */ = {isa = PBXFileReference; lastKnownFileType = file.storyboard; name = Base; path = Base.lproj/Main.storyboard; sourceTree = "<group>"; };
		607FACDC1AFB9204008FA782 /* Images.xcassets */ = {isa = PBXFileReference; lastKnownFileType = folder.assetcatalog; path = Images.xcassets; sourceTree = "<group>"; };
		607FACDF1AFB9204008FA782 /* Base */ = {isa = PBXFileReference; lastKnownFileType = file.xib; name = Base; path = Base.lproj/LaunchScreen.xib; sourceTree = "<group>"; };
		607FACE51AFB9204008FA782 /* LHTools_Tests.xctest */ = {isa = PBXFileReference; explicitFileType = wrapper.cfbundle; includeInIndex = 0; path = LHTools_Tests.xctest; sourceTree = BUILT_PRODUCTS_DIR; };
		607FACEA1AFB9204008FA782 /* Info.plist */ = {isa = PBXFileReference; lastKnownFileType = text.plist.xml; path = Info.plist; sourceTree = "<group>"; };
		607FACEB1AFB9204008FA782 /* Tests.swift */ = {isa = PBXFileReference; lastKnownFileType = sourcecode.swift; path = Tests.swift; sourceTree = "<group>"; };
		8F65B99634DBE91A215033C5 /* Pods_LHTools_Example.framework */ = {isa = PBXFileReference; explicitFileType = wrapper.framework; includeInIndex = 0; path = Pods_LHTools_Example.framework; sourceTree = BUILT_PRODUCTS_DIR; };
		AF87F8809564BC84406B33CE /* README.md */ = {isa = PBXFileReference; includeInIndex = 1; lastKnownFileType = net.daringfireball.markdown; name = README.md; path = ../README.md; sourceTree = "<group>"; };
		ECFE8EDC6AD47074A330BAC6 /* LICENSE */ = {isa = PBXFileReference; includeInIndex = 1; lastKnownFileType = text; name = LICENSE; path = ../LICENSE; sourceTree = "<group>"; };
		F40E919F2681E1E4007721CE /* LHTools.swift */ = {isa = PBXFileReference; lastKnownFileType = sourcecode.swift; path = LHTools.swift; sourceTree = "<group>"; };
		F4153BBF2681B21D00B67741 /* GlobalImport.swift */ = {isa = PBXFileReference; lastKnownFileType = sourcecode.swift; path = GlobalImport.swift; sourceTree = "<group>"; };
		F4153BC02681B21D00B67741 /* BMConst.swift */ = {isa = PBXFileReference; lastKnownFileType = sourcecode.swift; path = BMConst.swift; sourceTree = "<group>"; };
		F4153BC32681B21D00B67741 /* Hud.swift */ = {isa = PBXFileReference; lastKnownFileType = sourcecode.swift; path = Hud.swift; sourceTree = "<group>"; };
		F4153BC42681B21D00B67741 /* AlertView.swift */ = {isa = PBXFileReference; lastKnownFileType = sourcecode.swift; path = AlertView.swift; sourceTree = "<group>"; };
		F4153BC52681B21D00B67741 /* MBProgressHud.swift */ = {isa = PBXFileReference; lastKnownFileType = sourcecode.swift; path = MBProgressHud.swift; sourceTree = "<group>"; };
		F4153BC82681B21D00B67741 /* PopViewManager.swift */ = {isa = PBXFileReference; lastKnownFileType = sourcecode.swift; path = PopViewManager.swift; sourceTree = "<group>"; };
		F4153BC92681B21D00B67741 /* JXPopupView.swift */ = {isa = PBXFileReference; lastKnownFileType = sourcecode.swift; path = JXPopupView.swift; sourceTree = "<group>"; };
		F4153BCF2681B21D00B67741 /* BMCityPicker.swift */ = {isa = PBXFileReference; lastKnownFileType = sourcecode.swift; path = BMCityPicker.swift; sourceTree = "<group>"; };
		F4153BD12681B21D00B67741 /* CityDBManager.swift */ = {isa = PBXFileReference; lastKnownFileType = sourcecode.swift; path = CityDBManager.swift; sourceTree = "<group>"; };
		F4153BD22681B21E00B67741 /* BMBasePicker.swift */ = {isa = PBXFileReference; lastKnownFileType = sourcecode.swift; path = BMBasePicker.swift; sourceTree = "<group>"; };
		F4153BD32681B21E00B67741 /* BMDatePicker.swift */ = {isa = PBXFileReference; lastKnownFileType = sourcecode.swift; path = BMDatePicker.swift; sourceTree = "<group>"; };
		F4153BD42681B21E00B67741 /* BMSinglePicker.swift */ = {isa = PBXFileReference; lastKnownFileType = sourcecode.swift; path = BMSinglePicker.swift; sourceTree = "<group>"; };
		F4153BD52681B21E00B67741 /* BMPicker.swift */ = {isa = PBXFileReference; lastKnownFileType = sourcecode.swift; path = BMPicker.swift; sourceTree = "<group>"; };
		F4153BD82681B21E00B67741 /* ImageChooseTools.swift */ = {isa = PBXFileReference; lastKnownFileType = sourcecode.swift; path = ImageChooseTools.swift; sourceTree = "<group>"; };
		F4153BDA2681B21E00B67741 /* MultiImgChooseView.swift */ = {isa = PBXFileReference; lastKnownFileType = sourcecode.swift; path = MultiImgChooseView.swift; sourceTree = "<group>"; };
		F4153BDC2681B21E00B67741 /* BMIndicatorView.swift */ = {isa = PBXFileReference; lastKnownFileType = sourcecode.swift; path = BMIndicatorView.swift; sourceTree = "<group>"; };
		F4153BDE2681B21E00B67741 /* DOFavoriteButton.swift */ = {isa = PBXFileReference; lastKnownFileType = sourcecode.swift; path = DOFavoriteButton.swift; sourceTree = "<group>"; };
		F4153BE02681B21E00B67741 /* BMTimeIntervalPicker.swift */ = {isa = PBXFileReference; lastKnownFileType = sourcecode.swift; path = BMTimeIntervalPicker.swift; sourceTree = "<group>"; };
		F4153BE22681B21E00B67741 /* HostConfig.swift */ = {isa = PBXFileReference; lastKnownFileType = sourcecode.swift; path = HostConfig.swift; sourceTree = "<group>"; };
		F4153BE42681B21E00B67741 /* CellFlowLayout.swift */ = {isa = PBXFileReference; lastKnownFileType = sourcecode.swift; path = CellFlowLayout.swift; sourceTree = "<group>"; };
		F4153BE52681B21E00B67741 /* CycleCell.swift */ = {isa = PBXFileReference; lastKnownFileType = sourcecode.swift; path = CycleCell.swift; sourceTree = "<group>"; };
		F4153BE62681B21E00B67741 /* CycleView.swift */ = {isa = PBXFileReference; lastKnownFileType = sourcecode.swift; path = CycleView.swift; sourceTree = "<group>"; };
		F4153BE82681B21E00B67741 /* BMScaleView.swift */ = {isa = PBXFileReference; lastKnownFileType = sourcecode.swift; path = BMScaleView.swift; sourceTree = "<group>"; };
		F4153BEB2681B21E00B67741 /* NibLoadable.swift */ = {isa = PBXFileReference; lastKnownFileType = sourcecode.swift; path = NibLoadable.swift; sourceTree = "<group>"; };
		F4153BED2681B21E00B67741 /* UIColor+Utils.swift */ = {isa = PBXFileReference; lastKnownFileType = sourcecode.swift; path = "UIColor+Utils.swift"; sourceTree = "<group>"; };
		F4153BEF2681B21E00B67741 /* SnapKitExtend.swift */ = {isa = PBXFileReference; lastKnownFileType = sourcecode.swift; path = SnapKitExtend.swift; sourceTree = "<group>"; };
		F4153BF12681B21E00B67741 /* Date+String.swift */ = {isa = PBXFileReference; lastKnownFileType = sourcecode.swift; path = "Date+String.swift"; sourceTree = "<group>"; };
		F4153BF22681B21E00B67741 /* Date+Utils.swift */ = {isa = PBXFileReference; lastKnownFileType = sourcecode.swift; path = "Date+Utils.swift"; sourceTree = "<group>"; };
		F4153BF42681B21E00B67741 /* Number+Formate.swift */ = {isa = PBXFileReference; lastKnownFileType = sourcecode.swift; path = "Number+Formate.swift"; sourceTree = "<group>"; };
		F4153BF52681B21E00B67741 /* Number+String.swift */ = {isa = PBXFileReference; lastKnownFileType = sourcecode.swift; path = "Number+String.swift"; sourceTree = "<group>"; };
		F4153BF72681B21E00B67741 /* UIView+Utils.swift */ = {isa = PBXFileReference; lastKnownFileType = sourcecode.swift; path = "UIView+Utils.swift"; sourceTree = "<group>"; };
		F4153BF82681B21E00B67741 /* UIImage+Extension.swift */ = {isa = PBXFileReference; lastKnownFileType = sourcecode.swift; path = "UIImage+Extension.swift"; sourceTree = "<group>"; };
		F4153BF92681B21E00B67741 /* UIButton+uploadImg.swift */ = {isa = PBXFileReference; lastKnownFileType = sourcecode.swift; path = "UIButton+uploadImg.swift"; sourceTree = "<group>"; };
		F4153BFA2681B21E00B67741 /* UIView+IBInspectable.swift */ = {isa = PBXFileReference; lastKnownFileType = sourcecode.swift; path = "UIView+IBInspectable.swift"; sourceTree = "<group>"; };
		F4153BFC2681B21E00B67741 /* Kingfisher+Utils.swift */ = {isa = PBXFileReference; lastKnownFileType = sourcecode.swift; path = "Kingfisher+Utils.swift"; sourceTree = "<group>"; };
		F4153BFE2681B21E00B67741 /* String+Substring.swift */ = {isa = PBXFileReference; lastKnownFileType = sourcecode.swift; path = "String+Substring.swift"; sourceTree = "<group>"; };
		F4153BFF2681B21E00B67741 /* String+MD5.swift */ = {isa = PBXFileReference; lastKnownFileType = sourcecode.swift; path = "String+MD5.swift"; sourceTree = "<group>"; };
		F4153C002681B21E00B67741 /* String+Utils.swift */ = {isa = PBXFileReference; lastKnownFileType = sourcecode.swift; path = "String+Utils.swift"; sourceTree = "<group>"; };
		F4153C022681B21E00B67741 /* UINavigationController+Utils.swift */ = {isa = PBXFileReference; lastKnownFileType = sourcecode.swift; path = "UINavigationController+Utils.swift"; sourceTree = "<group>"; };
		F4153C042681B21E00B67741 /* Array+Utils.swift */ = {isa = PBXFileReference; lastKnownFileType = sourcecode.swift; path = "Array+Utils.swift"; sourceTree = "<group>"; };
		F4153C052681B21E00B67741 /* Dictionary+Utils.swift */ = {isa = PBXFileReference; lastKnownFileType = sourcecode.swift; path = "Dictionary+Utils.swift"; sourceTree = "<group>"; };
		F4153C062681B21E00B67741 /* Sequence+Json.swift */ = {isa = PBXFileReference; lastKnownFileType = sourcecode.swift; path = "Sequence+Json.swift"; sourceTree = "<group>"; };
		F4153C082681B21E00B67741 /* BaseVC.swift */ = {isa = PBXFileReference; lastKnownFileType = sourcecode.swift; path = BaseVC.swift; sourceTree = "<group>"; };
		F4153C092681B21E00B67741 /* WebVC.swift */ = {isa = PBXFileReference; lastKnownFileType = sourcecode.swift; path = WebVC.swift; sourceTree = "<group>"; };
		F4153C0A2681B21E00B67741 /* BaseCollVC.swift */ = {isa = PBXFileReference; lastKnownFileType = sourcecode.swift; path = BaseCollVC.swift; sourceTree = "<group>"; };
		F4153C0B2681B21E00B67741 /* BaseTabbarVC.swift */ = {isa = PBXFileReference; lastKnownFileType = sourcecode.swift; path = BaseTabbarVC.swift; sourceTree = "<group>"; };
		F4153C0C2681B21E00B67741 /* BaseTableVC.swift */ = {isa = PBXFileReference; lastKnownFileType = sourcecode.swift; path = BaseTableVC.swift; sourceTree = "<group>"; };
		F4153C0D2681B21E00B67741 /* BaseCell.swift */ = {isa = PBXFileReference; lastKnownFileType = sourcecode.swift; path = BaseCell.swift; sourceTree = "<group>"; };
		F4153C0E2681B21E00B67741 /* ScanVC.swift */ = {isa = PBXFileReference; lastKnownFileType = sourcecode.swift; path = ScanVC.swift; sourceTree = "<group>"; };
		F4153C0F2681B21E00B67741 /* BaseNavigationVC.swift */ = {isa = PBXFileReference; lastKnownFileType = sourcecode.swift; path = BaseNavigationVC.swift; sourceTree = "<group>"; };
		F4153C132681B21E00B67741 /* Network.swift */ = {isa = PBXFileReference; lastKnownFileType = sourcecode.swift; path = Network.swift; sourceTree = "<group>"; };
		F4153C142681B21E00B67741 /* ZBJsonModel.swift */ = {isa = PBXFileReference; lastKnownFileType = sourcecode.swift; path = ZBJsonModel.swift; sourceTree = "<group>"; };
		F4153C162681B21E00B67741 /* ConstantsLayout.swift */ = {isa = PBXFileReference; lastKnownFileType = sourcecode.swift; path = ConstantsLayout.swift; sourceTree = "<group>"; };
		F4153C182681B21E00B67741 /* BMCache.swift */ = {isa = PBXFileReference; lastKnownFileType = sourcecode.swift; path = BMCache.swift; sourceTree = "<group>"; };
		F4153C192681B21E00B67741 /* Utils.swift */ = {isa = PBXFileReference; lastKnownFileType = sourcecode.swift; path = Utils.swift; sourceTree = "<group>"; };
		F4153C1B2681B21E00B67741 /* QRCodeManager.swift */ = {isa = PBXFileReference; lastKnownFileType = sourcecode.swift; path = QRCodeManager.swift; sourceTree = "<group>"; };
		F4153C1C2681B21E00B67741 /* Bundle+Extensions.swift */ = {isa = PBXFileReference; lastKnownFileType = sourcecode.swift; path = "Bundle+Extensions.swift"; sourceTree = "<group>"; };
		F4153C1E2681B21E00B67741 /* city_db.sqlite */ = {isa = PBXFileReference; lastKnownFileType = file; path = city_db.sqlite; sourceTree = "<group>"; };
		F4333C9826609A5F00D9BFAC /* BaseTabVC.swift */ = {isa = PBXFileReference; lastKnownFileType = sourcecode.swift; path = BaseTabVC.swift; sourceTree = "<group>"; };
		F4333C9926609A5F00D9BFAC /* BaseTabVC.xib */ = {isa = PBXFileReference; lastKnownFileType = file.xib; path = BaseTabVC.xib; sourceTree = "<group>"; };
		F495625D2682E0AE00AFF39F /* RedPoint.swift */ = {isa = PBXFileReference; fileEncoding = 4; lastKnownFileType = sourcecode.swift; path = RedPoint.swift; sourceTree = "<group>"; };
		F49562622682E12A00AFF39F /* LHSwiftFunctions.swift */ = {isa = PBXFileReference; fileEncoding = 4; lastKnownFileType = sourcecode.swift; path = LHSwiftFunctions.swift; sourceTree = "<group>"; };
		F49562662682E16B00AFF39F /* BMSelectView.swift */ = {isa = PBXFileReference; fileEncoding = 4; lastKnownFileType = sourcecode.swift; path = BMSelectView.swift; sourceTree = "<group>"; };
		F495626B2682E18400AFF39F /* UISegmentedControl+Extension.swift */ = {isa = PBXFileReference; fileEncoding = 4; lastKnownFileType = sourcecode.swift; path = "UISegmentedControl+Extension.swift"; sourceTree = "<group>"; };
		F49562962682E68300AFF39F /* PhotoBrowserProgressView.swift */ = {isa = PBXFileReference; fileEncoding = 4; lastKnownFileType = sourcecode.swift; path = PhotoBrowserProgressView.swift; sourceTree = "<group>"; };
		F49562972682E68300AFF39F /* PhotoBrowser.swift */ = {isa = PBXFileReference; fileEncoding = 4; lastKnownFileType = sourcecode.swift; path = PhotoBrowser.swift; sourceTree = "<group>"; };
		F49CCF892684849200DEF7D5 /* wuwangluo.png */ = {isa = PBXFileReference; lastKnownFileType = image.png; path = wuwangluo.png; sourceTree = "<group>"; };
		F49CCF8B268484A500DEF7D5 /* BMImgItems_UploadImg.png */ = {isa = PBXFileReference; lastKnownFileType = image.png; path = BMImgItems_UploadImg.png; sourceTree = "<group>"; };
		F49CCF8C268484A600DEF7D5 /* BMback_Icon.png */ = {isa = PBXFileReference; lastKnownFileType = image.png; path = BMback_Icon.png; sourceTree = "<group>"; };
		F49CCF8D268484A600DEF7D5 /* photoDelete.png */ = {isa = PBXFileReference; lastKnownFileType = image.png; path = photoDelete.png; sourceTree = "<group>"; };
		F49CCF8E268484A600DEF7D5 /* 图片加载失败.png */ = {isa = PBXFileReference; lastKnownFileType = image.png; path = "图片加载失败.png"; sourceTree = "<group>"; };
/* End PBXFileReference section */

/* Begin PBXFrameworksBuildPhase section */
		607FACCD1AFB9204008FA782 /* Frameworks */ = {
			isa = PBXFrameworksBuildPhase;
			buildActionMask = 2147483647;
			files = (
				77D8E6E5A6BB6E57602AEAAE /* Pods_LHTools_Example.framework in Frameworks */,
			);
			runOnlyForDeploymentPostprocessing = 0;
		};
		607FACE21AFB9204008FA782 /* Frameworks */ = {
			isa = PBXFrameworksBuildPhase;
			buildActionMask = 2147483647;
			files = (
				DB046D8A123D36B573A17CA3 /* Pods_LHTools_Tests.framework in Frameworks */,
			);
			runOnlyForDeploymentPostprocessing = 0;
		};
/* End PBXFrameworksBuildPhase section */

/* Begin PBXGroup section */
		449BBFB1B575DFEA03220D69 /* Frameworks */ = {
			isa = PBXGroup;
			children = (
				8F65B99634DBE91A215033C5 /* Pods_LHTools_Example.framework */,
				07509A03F5415140F749D995 /* Pods_LHTools_Tests.framework */,
			);
			name = Frameworks;
			sourceTree = "<group>";
		};
		607FACC71AFB9204008FA782 = {
			isa = PBXGroup;
			children = (
				607FACF51AFB993E008FA782 /* Podspec Metadata */,
				607FACD21AFB9204008FA782 /* Example for LHTools */,
				607FACE81AFB9204008FA782 /* Tests */,
				607FACD11AFB9204008FA782 /* Products */,
				C8044C55F1DA678BE7164CF1 /* Pods */,
				449BBFB1B575DFEA03220D69 /* Frameworks */,
			);
			sourceTree = "<group>";
		};
		607FACD11AFB9204008FA782 /* Products */ = {
			isa = PBXGroup;
			children = (
				607FACD01AFB9204008FA782 /* LHTools_Example.app */,
				607FACE51AFB9204008FA782 /* LHTools_Tests.xctest */,
			);
			name = Products;
			sourceTree = "<group>";
		};
		607FACD21AFB9204008FA782 /* Example for LHTools */ = {
			isa = PBXGroup;
			children = (
				F4153BBD2681B21D00B67741 /* LHTools */,
				607FACD51AFB9204008FA782 /* AppDelegate.swift */,
				607FACD71AFB9204008FA782 /* ViewController.swift */,
				607FACD91AFB9204008FA782 /* Main.storyboard */,
				607FACDC1AFB9204008FA782 /* Images.xcassets */,
				607FACDE1AFB9204008FA782 /* LaunchScreen.xib */,
				607FACD31AFB9204008FA782 /* Supporting Files */,
				F4333C9826609A5F00D9BFAC /* BaseTabVC.swift */,
				F4333C9926609A5F00D9BFAC /* BaseTabVC.xib */,
			);
			name = "Example for LHTools";
			path = LHTools;
			sourceTree = "<group>";
		};
		607FACD31AFB9204008FA782 /* Supporting Files */ = {
			isa = PBXGroup;
			children = (
				607FACD41AFB9204008FA782 /* Info.plist */,
			);
			name = "Supporting Files";
			sourceTree = "<group>";
		};
		607FACE81AFB9204008FA782 /* Tests */ = {
			isa = PBXGroup;
			children = (
				607FACEB1AFB9204008FA782 /* Tests.swift */,
				607FACE91AFB9204008FA782 /* Supporting Files */,
			);
			path = Tests;
			sourceTree = "<group>";
		};
		607FACE91AFB9204008FA782 /* Supporting Files */ = {
			isa = PBXGroup;
			children = (
				607FACEA1AFB9204008FA782 /* Info.plist */,
			);
			name = "Supporting Files";
			sourceTree = "<group>";
		};
		607FACF51AFB993E008FA782 /* Podspec Metadata */ = {
			isa = PBXGroup;
			children = (
				353F25799A753429441E4DD0 /* LHTools.podspec */,
				AF87F8809564BC84406B33CE /* README.md */,
				ECFE8EDC6AD47074A330BAC6 /* LICENSE */,
			);
			name = "Podspec Metadata";
			sourceTree = "<group>";
		};
		C8044C55F1DA678BE7164CF1 /* Pods */ = {
			isa = PBXGroup;
			children = (
				2C096D74EE1CC4C1F32F75E5 /* Pods-LHTools_Example.debug.xcconfig */,
				2791A5DBE5B9F2832F4B8697 /* Pods-LHTools_Example.release.xcconfig */,
				3749BA68C88CC8CC2C04630F /* Pods-LHTools_Tests.debug.xcconfig */,
				184B0FDDB348DFF92A6A5AA6 /* Pods-LHTools_Tests.release.xcconfig */,
			);
			path = Pods;
			sourceTree = "<group>";
		};
		F4153BBD2681B21D00B67741 /* LHTools */ = {
			isa = PBXGroup;
			children = (
				F4153BBE2681B21D00B67741 /* Classes */,
				F4153C1D2681B21E00B67741 /* Assets */,
			);
			name = LHTools;
			path = ../../LHTools;
			sourceTree = "<group>";
		};
		F4153BBE2681B21D00B67741 /* Classes */ = {
			isa = PBXGroup;
			children = (
				F4153BBF2681B21D00B67741 /* GlobalImport.swift */,
				F4153BC02681B21D00B67741 /* BMConst.swift */,
				F40E919F2681E1E4007721CE /* LHTools.swift */,
				F495625C2682E09800AFF39F /* View */,
				F4153BC12681B21D00B67741 /* 自定义视图 */,
				F4153BE92681B21E00B67741 /* 扩展 */,
				F4153C072681B21E00B67741 /* 基类 */,
				F4153C102681B21E00B67741 /* 工具类 */,
				F4AE55CB268476D400038342 /* resource */,
			);
			path = Classes;
			sourceTree = "<group>";
		};
		F4153BC12681B21D00B67741 /* 自定义视图 */ = {
			isa = PBXGroup;
			children = (
				F4153BC22681B21D00B67741 /* 提示框 */,
				F4153BC72681B21D00B67741 /* PopView */,
				F4153BCD2681B21D00B67741 /* 选择器 */,
				F4153BD62681B21E00B67741 /* 图片上传 */,
				F4153BDB2681B21E00B67741 /* 加载等待 */,
				F4153BDD2681B21E00B67741 /* 点赞动画 */,
				F4153BDF2681B21E00B67741 /* 时间段选择器 */,
				F4153BE12681B21E00B67741 /* 测试服切换工具 */,
				F4153BE32681B21E00B67741 /* 轮播 */,
				F4153BE72681B21E00B67741 /* 图片缩放预览 */,
				F49562952682E66C00AFF39F /* PhotoBrowser */,
			);
			path = "自定义视图";
			sourceTree = "<group>";
		};
		F4153BC22681B21D00B67741 /* 提示框 */ = {
			isa = PBXGroup;
			children = (
				F4153BC32681B21D00B67741 /* Hud.swift */,
				F4153BC42681B21D00B67741 /* AlertView.swift */,
				F4153BC52681B21D00B67741 /* MBProgressHud.swift */,
			);
			path = "提示框";
			sourceTree = "<group>";
		};
		F4153BC72681B21D00B67741 /* PopView */ = {
			isa = PBXGroup;
			children = (
				F4153BC82681B21D00B67741 /* PopViewManager.swift */,
				F4153BC92681B21D00B67741 /* JXPopupView.swift */,
			);
			path = PopView;
			sourceTree = "<group>";
		};
		F4153BCD2681B21D00B67741 /* 选择器 */ = {
			isa = PBXGroup;
			children = (
				F4153BCE2681B21D00B67741 /* CustomPicker */,
				F4153BD52681B21E00B67741 /* BMPicker.swift */,
				F49562662682E16B00AFF39F /* BMSelectView.swift */,
			);
			path = "选择器";
			sourceTree = "<group>";
		};
		F4153BCE2681B21D00B67741 /* CustomPicker */ = {
			isa = PBXGroup;
			children = (
				F4153BCF2681B21D00B67741 /* BMCityPicker.swift */,
				F4153BD02681B21D00B67741 /* CityDataBase */,
				F4153BD22681B21E00B67741 /* BMBasePicker.swift */,
				F4153BD32681B21E00B67741 /* BMDatePicker.swift */,
				F4153BD42681B21E00B67741 /* BMSinglePicker.swift */,
			);
			path = CustomPicker;
			sourceTree = "<group>";
		};
		F4153BD02681B21D00B67741 /* CityDataBase */ = {
			isa = PBXGroup;
			children = (
				F4153BD12681B21D00B67741 /* CityDBManager.swift */,
			);
			path = CityDataBase;
			sourceTree = "<group>";
		};
		F4153BD62681B21E00B67741 /* 图片上传 */ = {
			isa = PBXGroup;
			children = (
				F4153BD72681B21E00B67741 /* 快速上传 */,
				F4153BD92681B21E00B67741 /* 多图选择控件 */,
			);
			path = "图片上传";
			sourceTree = "<group>";
		};
		F4153BD72681B21E00B67741 /* 快速上传 */ = {
			isa = PBXGroup;
			children = (
				F4153BD82681B21E00B67741 /* ImageChooseTools.swift */,
			);
			path = "快速上传";
			sourceTree = "<group>";
		};
		F4153BD92681B21E00B67741 /* 多图选择控件 */ = {
			isa = PBXGroup;
			children = (
				F4153BDA2681B21E00B67741 /* MultiImgChooseView.swift */,
			);
			path = "多图选择控件";
			sourceTree = "<group>";
		};
		F4153BDB2681B21E00B67741 /* 加载等待 */ = {
			isa = PBXGroup;
			children = (
				F4153BDC2681B21E00B67741 /* BMIndicatorView.swift */,
			);
			path = "加载等待";
			sourceTree = "<group>";
		};
		F4153BDD2681B21E00B67741 /* 点赞动画 */ = {
			isa = PBXGroup;
			children = (
				F4153BDE2681B21E00B67741 /* DOFavoriteButton.swift */,
			);
			path = "点赞动画";
			sourceTree = "<group>";
		};
		F4153BDF2681B21E00B67741 /* 时间段选择器 */ = {
			isa = PBXGroup;
			children = (
				F4153BE02681B21E00B67741 /* BMTimeIntervalPicker.swift */,
			);
			path = "时间段选择器";
			sourceTree = "<group>";
		};
		F4153BE12681B21E00B67741 /* 测试服切换工具 */ = {
			isa = PBXGroup;
			children = (
				F4153BE22681B21E00B67741 /* HostConfig.swift */,
			);
			path = "测试服切换工具";
			sourceTree = "<group>";
		};
		F4153BE32681B21E00B67741 /* 轮播 */ = {
			isa = PBXGroup;
			children = (
				F4153BE42681B21E00B67741 /* CellFlowLayout.swift */,
				F4153BE52681B21E00B67741 /* CycleCell.swift */,
				F4153BE62681B21E00B67741 /* CycleView.swift */,
			);
			path = "轮播";
			sourceTree = "<group>";
		};
		F4153BE72681B21E00B67741 /* 图片缩放预览 */ = {
			isa = PBXGroup;
			children = (
				F4153BE82681B21E00B67741 /* BMScaleView.swift */,
			);
			path = "图片缩放预览";
			sourceTree = "<group>";
		};
		F4153BE92681B21E00B67741 /* 扩展 */ = {
			isa = PBXGroup;
			children = (
				F4153BEA2681B21E00B67741 /* Xib */,
				F4153BEC2681B21E00B67741 /* Color */,
				F4153BEE2681B21E00B67741 /* SnapKit */,
				F4153BF02681B21E00B67741 /* Date */,
				F4153BF32681B21E00B67741 /* Number */,
				F4153BF62681B21E00B67741 /* View */,
				F4153BFB2681B21E00B67741 /* Kingfisher */,
				F4153BFD2681B21E00B67741 /* String */,
				F4153C012681B21E00B67741 /* Nav */,
				F4153C032681B21E00B67741 /* Set */,
				F495626A2682E18400AFF39F /* SegmentedControl */,
			);
			path = "扩展";
			sourceTree = "<group>";
		};
		F4153BEA2681B21E00B67741 /* Xib */ = {
			isa = PBXGroup;
			children = (
				F4153BEB2681B21E00B67741 /* NibLoadable.swift */,
			);
			path = Xib;
			sourceTree = "<group>";
		};
		F4153BEC2681B21E00B67741 /* Color */ = {
			isa = PBXGroup;
			children = (
				F4153BED2681B21E00B67741 /* UIColor+Utils.swift */,
			);
			path = Color;
			sourceTree = "<group>";
		};
		F4153BEE2681B21E00B67741 /* SnapKit */ = {
			isa = PBXGroup;
			children = (
				F4153BEF2681B21E00B67741 /* SnapKitExtend.swift */,
			);
			path = SnapKit;
			sourceTree = "<group>";
		};
		F4153BF02681B21E00B67741 /* Date */ = {
			isa = PBXGroup;
			children = (
				F4153BF12681B21E00B67741 /* Date+String.swift */,
				F4153BF22681B21E00B67741 /* Date+Utils.swift */,
			);
			path = Date;
			sourceTree = "<group>";
		};
		F4153BF32681B21E00B67741 /* Number */ = {
			isa = PBXGroup;
			children = (
				F4153BF42681B21E00B67741 /* Number+Formate.swift */,
				F4153BF52681B21E00B67741 /* Number+String.swift */,
			);
			path = Number;
			sourceTree = "<group>";
		};
		F4153BF62681B21E00B67741 /* View */ = {
			isa = PBXGroup;
			children = (
				F4153BF72681B21E00B67741 /* UIView+Utils.swift */,
				F4153BF82681B21E00B67741 /* UIImage+Extension.swift */,
				F4153BF92681B21E00B67741 /* UIButton+uploadImg.swift */,
				F4153BFA2681B21E00B67741 /* UIView+IBInspectable.swift */,
			);
			path = View;
			sourceTree = "<group>";
		};
		F4153BFB2681B21E00B67741 /* Kingfisher */ = {
			isa = PBXGroup;
			children = (
				F4153BFC2681B21E00B67741 /* Kingfisher+Utils.swift */,
			);
			path = Kingfisher;
			sourceTree = "<group>";
		};
		F4153BFD2681B21E00B67741 /* String */ = {
			isa = PBXGroup;
			children = (
				F4153BFE2681B21E00B67741 /* String+Substring.swift */,
				F4153BFF2681B21E00B67741 /* String+MD5.swift */,
				F4153C002681B21E00B67741 /* String+Utils.swift */,
			);
			path = String;
			sourceTree = "<group>";
		};
		F4153C012681B21E00B67741 /* Nav */ = {
			isa = PBXGroup;
			children = (
				F4153C022681B21E00B67741 /* UINavigationController+Utils.swift */,
			);
			path = Nav;
			sourceTree = "<group>";
		};
		F4153C032681B21E00B67741 /* Set */ = {
			isa = PBXGroup;
			children = (
				F4153C042681B21E00B67741 /* Array+Utils.swift */,
				F4153C052681B21E00B67741 /* Dictionary+Utils.swift */,
				F4153C062681B21E00B67741 /* Sequence+Json.swift */,
			);
			path = Set;
			sourceTree = "<group>";
		};
		F4153C072681B21E00B67741 /* 基类 */ = {
			isa = PBXGroup;
			children = (
				F4153C082681B21E00B67741 /* BaseVC.swift */,
				F4153C092681B21E00B67741 /* WebVC.swift */,
				F4153C0A2681B21E00B67741 /* BaseCollVC.swift */,
				F4153C0B2681B21E00B67741 /* BaseTabbarVC.swift */,
				F4153C0C2681B21E00B67741 /* BaseTableVC.swift */,
				F4153C0D2681B21E00B67741 /* BaseCell.swift */,
				F4153C0E2681B21E00B67741 /* ScanVC.swift */,
				F4153C0F2681B21E00B67741 /* BaseNavigationVC.swift */,
			);
			path = "基类";
			sourceTree = "<group>";
		};
		F4153C102681B21E00B67741 /* 工具类 */ = {
			isa = PBXGroup;
			children = (
				F49562612682E10B00AFF39F /* Utils */,
				F4153C112681B21E00B67741 /* 获取文件 */,
				F4153C122681B21E00B67741 /* 请求 */,
				F4153C152681B21E00B67741 /* 约束 */,
				F4153C172681B21E00B67741 /* 缓存 */,
				F4153C1A2681B21E00B67741 /* 二维码 */,
			);
			path = "工具类";
			sourceTree = "<group>";
		};
		F4153C112681B21E00B67741 /* 获取文件 */ = {
			isa = PBXGroup;
			children = (
				F4153C1C2681B21E00B67741 /* Bundle+Extensions.swift */,
			);
			path = "获取文件";
			sourceTree = "<group>";
		};
		F4153C122681B21E00B67741 /* 请求 */ = {
			isa = PBXGroup;
			children = (
				F4153C132681B21E00B67741 /* Network.swift */,
				F4153C142681B21E00B67741 /* ZBJsonModel.swift */,
			);
			path = "请求";
			sourceTree = "<group>";
		};
		F4153C152681B21E00B67741 /* 约束 */ = {
			isa = PBXGroup;
			children = (
				F4153C162681B21E00B67741 /* ConstantsLayout.swift */,
			);
			path = "约束";
			sourceTree = "<group>";
		};
		F4153C172681B21E00B67741 /* 缓存 */ = {
			isa = PBXGroup;
			children = (
				F4153C182681B21E00B67741 /* BMCache.swift */,
			);
			path = "缓存";
			sourceTree = "<group>";
		};
		F4153C1A2681B21E00B67741 /* 二维码 */ = {
			isa = PBXGroup;
			children = (
				F4153C1B2681B21E00B67741 /* QRCodeManager.swift */,
			);
			path = "二维码";
			sourceTree = "<group>";
		};
		F4153C1D2681B21E00B67741 /* Assets */ = {
			isa = PBXGroup;
			children = (
			);
			path = Assets;
			sourceTree = "<group>";
		};
		F495625C2682E09800AFF39F /* View */ = {
			isa = PBXGroup;
			children = (
				F495625D2682E0AE00AFF39F /* RedPoint.swift */,
			);
			path = View;
			sourceTree = "<group>";
		};
		F49562612682E10B00AFF39F /* Utils */ = {
			isa = PBXGroup;
			children = (
				F49562622682E12A00AFF39F /* LHSwiftFunctions.swift */,
				F4153C192681B21E00B67741 /* Utils.swift */,
			);
			path = Utils;
			sourceTree = "<group>";
		};
		F495626A2682E18400AFF39F /* SegmentedControl */ = {
			isa = PBXGroup;
			children = (
				F495626B2682E18400AFF39F /* UISegmentedControl+Extension.swift */,
			);
			path = SegmentedControl;
			sourceTree = "<group>";
		};
		F49562952682E66C00AFF39F /* PhotoBrowser */ = {
			isa = PBXGroup;
			children = (
				F49562972682E68300AFF39F /* PhotoBrowser.swift */,
				F49562962682E68300AFF39F /* PhotoBrowserProgressView.swift */,
			);
			path = PhotoBrowser;
			sourceTree = "<group>";
		};
		F4AE55CB268476D400038342 /* resource */ = {
			isa = PBXGroup;
			children = (
				F49CCF8E268484A600DEF7D5 /* 图片加载失败.png */,
				F49CCF8C268484A600DEF7D5 /* BMback_Icon.png */,
				F49CCF8B268484A500DEF7D5 /* BMImgItems_UploadImg.png */,
				F49CCF8D268484A600DEF7D5 /* photoDelete.png */,
				F49CCF892684849200DEF7D5 /* wuwangluo.png */,
				F4153C1E2681B21E00B67741 /* city_db.sqlite */,
			);
			path = resource;
			sourceTree = "<group>";
		};
/* End PBXGroup section */

/* Begin PBXNativeTarget section */
		607FACCF1AFB9204008FA782 /* LHTools_Example */ = {
			isa = PBXNativeTarget;
			buildConfigurationList = 607FACEF1AFB9204008FA782 /* Build configuration list for PBXNativeTarget "LHTools_Example" */;
			buildPhases = (
				D867F1AA449746C12BDE274E /* [CP] Check Pods Manifest.lock */,
				607FACCC1AFB9204008FA782 /* Sources */,
				607FACCD1AFB9204008FA782 /* Frameworks */,
				607FACCE1AFB9204008FA782 /* Resources */,
				9380CF88C226F62427499BF1 /* [CP] Copy Pods Resources */,
				9C16CD206A54240220F9DA58 /* [CP] Embed Pods Frameworks */,
			);
			buildRules = (
			);
			dependencies = (
			);
			name = LHTools_Example;
			productName = LHTools;
			productReference = 607FACD01AFB9204008FA782 /* LHTools_Example.app */;
			productType = "com.apple.product-type.application";
		};
		607FACE41AFB9204008FA782 /* LHTools_Tests */ = {
			isa = PBXNativeTarget;
			buildConfigurationList = 607FACF21AFB9204008FA782 /* Build configuration list for PBXNativeTarget "LHTools_Tests" */;
			buildPhases = (
				2FD1EF229FF87613F12FE85A /* [CP] Check Pods Manifest.lock */,
				607FACE11AFB9204008FA782 /* Sources */,
				607FACE21AFB9204008FA782 /* Frameworks */,
				607FACE31AFB9204008FA782 /* Resources */,
			);
			buildRules = (
			);
			dependencies = (
				607FACE71AFB9204008FA782 /* PBXTargetDependency */,
			);
			name = LHTools_Tests;
			productName = Tests;
			productReference = 607FACE51AFB9204008FA782 /* LHTools_Tests.xctest */;
			productType = "com.apple.product-type.bundle.unit-test";
		};
/* End PBXNativeTarget section */

/* Begin PBXProject section */
		607FACC81AFB9204008FA782 /* Project object */ = {
			isa = PBXProject;
			attributes = {
				LastSwiftUpdateCheck = 0830;
				LastUpgradeCheck = 0830;
				ORGANIZATIONNAME = CocoaPods;
				TargetAttributes = {
					607FACCF1AFB9204008FA782 = {
						CreatedOnToolsVersion = 6.3.1;
						DevelopmentTeam = 34BD4U8K6Y;
						LastSwiftMigration = 0900;
					};
					607FACE41AFB9204008FA782 = {
						CreatedOnToolsVersion = 6.3.1;
						DevelopmentTeam = 34BD4U8K6Y;
						LastSwiftMigration = 0900;
						TestTargetID = 607FACCF1AFB9204008FA782;
					};
				};
			};
			buildConfigurationList = 607FACCB1AFB9204008FA782 /* Build configuration list for PBXProject "LHTools" */;
			compatibilityVersion = "Xcode 3.2";
			developmentRegion = English;
			hasScannedForEncodings = 0;
			knownRegions = (
				English,
				en,
				Base,
			);
			mainGroup = 607FACC71AFB9204008FA782;
			productRefGroup = 607FACD11AFB9204008FA782 /* Products */;
			projectDirPath = "";
			projectRoot = "";
			targets = (
				607FACCF1AFB9204008FA782 /* LHTools_Example */,
				607FACE41AFB9204008FA782 /* LHTools_Tests */,
			);
		};
/* End PBXProject section */

/* Begin PBXResourcesBuildPhase section */
		607FACCE1AFB9204008FA782 /* Resources */ = {
			isa = PBXResourcesBuildPhase;
			buildActionMask = 2147483647;
			files = (
				F49CCF8F268484A600DEF7D5 /* BMImgItems_UploadImg.png in Resources */,
				607FACDB1AFB9204008FA782 /* Main.storyboard in Resources */,
				F49CCF92268484A600DEF7D5 /* 图片加载失败.png in Resources */,
				F49CCF90268484A600DEF7D5 /* BMback_Icon.png in Resources */,
				607FACE01AFB9204008FA782 /* LaunchScreen.xib in Resources */,
				F4333C9B26609A5F00D9BFAC /* BaseTabVC.xib in Resources */,
				607FACDD1AFB9204008FA782 /* Images.xcassets in Resources */,
				F49CCF8A2684849200DEF7D5 /* wuwangluo.png in Resources */,
				F49CCF91268484A600DEF7D5 /* photoDelete.png in Resources */,
			);
			runOnlyForDeploymentPostprocessing = 0;
		};
		607FACE31AFB9204008FA782 /* Resources */ = {
			isa = PBXResourcesBuildPhase;
			buildActionMask = 2147483647;
			files = (
			);
			runOnlyForDeploymentPostprocessing = 0;
		};
/* End PBXResourcesBuildPhase section */

/* Begin PBXShellScriptBuildPhase section */
		2FD1EF229FF87613F12FE85A /* [CP] Check Pods Manifest.lock */ = {
			isa = PBXShellScriptBuildPhase;
			buildActionMask = 2147483647;
			files = (
			);
			inputFileListPaths = (
			);
			inputPaths = (
				"${PODS_PODFILE_DIR_PATH}/Podfile.lock",
				"${PODS_ROOT}/Manifest.lock",
			);
			name = "[CP] Check Pods Manifest.lock";
			outputFileListPaths = (
			);
			outputPaths = (
				"$(DERIVED_FILE_DIR)/Pods-LHTools_Tests-checkManifestLockResult.txt",
			);
			runOnlyForDeploymentPostprocessing = 0;
			shellPath = /bin/sh;
			shellScript = "diff \"${PODS_PODFILE_DIR_PATH}/Podfile.lock\" \"${PODS_ROOT}/Manifest.lock\" > /dev/null\nif [ $? != 0 ] ; then\n    # print error to STDERR\n    echo \"error: The sandbox is not in sync with the Podfile.lock. Run 'pod install' or update your CocoaPods installation.\" >&2\n    exit 1\nfi\n# This output is used by Xcode 'outputs' to avoid re-running this script phase.\necho \"SUCCESS\" > \"${SCRIPT_OUTPUT_FILE_0}\"\n";
			showEnvVarsInLog = 0;
		};
		9380CF88C226F62427499BF1 /* [CP] Copy Pods Resources */ = {
			isa = PBXShellScriptBuildPhase;
			buildActionMask = 2147483647;
			files = (
			);
			inputPaths = (
				"${PODS_ROOT}/Target Support Files/Pods-LHTools_Example/Pods-LHTools_Example-resources.sh",
				"${PODS_ROOT}/../../LHTools/Classes/resource/BMback_Icon.png",
				"${PODS_ROOT}/../../LHTools/Classes/resource/BMImgItems_UploadImg.png",
				"${PODS_ROOT}/../../LHTools/Classes/resource/city_db.sqlite",
				"${PODS_ROOT}/../../LHTools/Classes/resource/photoDelete.png",
				"${PODS_ROOT}/../../LHTools/Classes/resource/wuwangluo.png",
				"${PODS_ROOT}/../../LHTools/Classes/resource/图片加载失败.png",
			);
			name = "[CP] Copy Pods Resources";
			outputPaths = (
				"${TARGET_BUILD_DIR}/${UNLOCALIZED_RESOURCES_FOLDER_PATH}/BMback_Icon.png",
				"${TARGET_BUILD_DIR}/${UNLOCALIZED_RESOURCES_FOLDER_PATH}/BMImgItems_UploadImg.png",
				"${TARGET_BUILD_DIR}/${UNLOCALIZED_RESOURCES_FOLDER_PATH}/city_db.sqlite",
				"${TARGET_BUILD_DIR}/${UNLOCALIZED_RESOURCES_FOLDER_PATH}/photoDelete.png",
				"${TARGET_BUILD_DIR}/${UNLOCALIZED_RESOURCES_FOLDER_PATH}/wuwangluo.png",
				"${TARGET_BUILD_DIR}/${UNLOCALIZED_RESOURCES_FOLDER_PATH}/图片加载失败.png",
			);
			runOnlyForDeploymentPostprocessing = 0;
			shellPath = /bin/sh;
			shellScript = "\"${PODS_ROOT}/Target Support Files/Pods-LHTools_Example/Pods-LHTools_Example-resources.sh\"\n";
			showEnvVarsInLog = 0;
		};
		9C16CD206A54240220F9DA58 /* [CP] Embed Pods Frameworks */ = {
			isa = PBXShellScriptBuildPhase;
			buildActionMask = 2147483647;
			files = (
			);
			inputPaths = (
				"${PODS_ROOT}/Target Support Files/Pods-LHTools_Example/Pods-LHTools_Example-frameworks.sh",
				"${BUILT_PRODUCTS_DIR}/Alamofire/Alamofire.framework",
				"${BUILT_PRODUCTS_DIR}/HandyJSON/HandyJSON.framework",
				"${BUILT_PRODUCTS_DIR}/Hero/Hero.framework",
				"${BUILT_PRODUCTS_DIR}/IQKeyboardManagerSwift/IQKeyboardManagerSwift.framework",
				"${BUILT_PRODUCTS_DIR}/JXPhotoBrowser/JXPhotoBrowser.framework",
				"${BUILT_PRODUCTS_DIR}/Kingfisher/Kingfisher.framework",
				"${BUILT_PRODUCTS_DIR}/MJRefresh/MJRefresh.framework",
				"${BUILT_PRODUCTS_DIR}/NVActivityIndicatorView/NVActivityIndicatorView.framework",
				"${BUILT_PRODUCTS_DIR}/SQLite.swift/SQLite.framework",
				"${BUILT_PRODUCTS_DIR}/SnapKit/SnapKit.framework",
				"${BUILT_PRODUCTS_DIR}/SwiftyUserDefaults/SwiftyUserDefaults.framework",
				"${BUILT_PRODUCTS_DIR}/ZLPhotoBrowser/ZLPhotoBrowser.framework",
			);
			name = "[CP] Embed Pods Frameworks";
			outputPaths = (
				"${TARGET_BUILD_DIR}/${FRAMEWORKS_FOLDER_PATH}/Alamofire.framework",
				"${TARGET_BUILD_DIR}/${FRAMEWORKS_FOLDER_PATH}/HandyJSON.framework",
				"${TARGET_BUILD_DIR}/${FRAMEWORKS_FOLDER_PATH}/Hero.framework",
				"${TARGET_BUILD_DIR}/${FRAMEWORKS_FOLDER_PATH}/IQKeyboardManagerSwift.framework",
				"${TARGET_BUILD_DIR}/${FRAMEWORKS_FOLDER_PATH}/JXPhotoBrowser.framework",
				"${TARGET_BUILD_DIR}/${FRAMEWORKS_FOLDER_PATH}/Kingfisher.framework",
				"${TARGET_BUILD_DIR}/${FRAMEWORKS_FOLDER_PATH}/MJRefresh.framework",
				"${TARGET_BUILD_DIR}/${FRAMEWORKS_FOLDER_PATH}/NVActivityIndicatorView.framework",
				"${TARGET_BUILD_DIR}/${FRAMEWORKS_FOLDER_PATH}/SQLite.framework",
				"${TARGET_BUILD_DIR}/${FRAMEWORKS_FOLDER_PATH}/SnapKit.framework",
				"${TARGET_BUILD_DIR}/${FRAMEWORKS_FOLDER_PATH}/SwiftyUserDefaults.framework",
				"${TARGET_BUILD_DIR}/${FRAMEWORKS_FOLDER_PATH}/ZLPhotoBrowser.framework",
			);
			runOnlyForDeploymentPostprocessing = 0;
			shellPath = /bin/sh;
			shellScript = "\"${PODS_ROOT}/Target Support Files/Pods-LHTools_Example/Pods-LHTools_Example-frameworks.sh\"\n";
			showEnvVarsInLog = 0;
		};
		D867F1AA449746C12BDE274E /* [CP] Check Pods Manifest.lock */ = {
			isa = PBXShellScriptBuildPhase;
			buildActionMask = 2147483647;
			files = (
			);
			inputFileListPaths = (
			);
			inputPaths = (
				"${PODS_PODFILE_DIR_PATH}/Podfile.lock",
				"${PODS_ROOT}/Manifest.lock",
			);
			name = "[CP] Check Pods Manifest.lock";
			outputFileListPaths = (
			);
			outputPaths = (
				"$(DERIVED_FILE_DIR)/Pods-LHTools_Example-checkManifestLockResult.txt",
			);
			runOnlyForDeploymentPostprocessing = 0;
			shellPath = /bin/sh;
			shellScript = "diff \"${PODS_PODFILE_DIR_PATH}/Podfile.lock\" \"${PODS_ROOT}/Manifest.lock\" > /dev/null\nif [ $? != 0 ] ; then\n    # print error to STDERR\n    echo \"error: The sandbox is not in sync with the Podfile.lock. Run 'pod install' or update your CocoaPods installation.\" >&2\n    exit 1\nfi\n# This output is used by Xcode 'outputs' to avoid re-running this script phase.\necho \"SUCCESS\" > \"${SCRIPT_OUTPUT_FILE_0}\"\n";
			showEnvVarsInLog = 0;
		};
/* End PBXShellScriptBuildPhase section */

/* Begin PBXSourcesBuildPhase section */
		607FACCC1AFB9204008FA782 /* Sources */ = {
			isa = PBXSourcesBuildPhase;
			buildActionMask = 2147483647;
			files = (
				F495626C2682E18400AFF39F /* UISegmentedControl+Extension.swift in Sources */,
				F40E91A22681E4DD007721CE /* LHTools.swift in Sources */,
				F49562982682E68300AFF39F /* PhotoBrowserProgressView.swift in Sources */,
				607FACD81AFB9204008FA782 /* ViewController.swift in Sources */,
				F49562672682E16B00AFF39F /* BMSelectView.swift in Sources */,
				F49562992682E68300AFF39F /* PhotoBrowser.swift in Sources */,
				F495625E2682E0AE00AFF39F /* RedPoint.swift in Sources */,
				607FACD61AFB9204008FA782 /* AppDelegate.swift in Sources */,
				F4333C9A26609A5F00D9BFAC /* BaseTabVC.swift in Sources */,
				F49562632682E12A00AFF39F /* LHSwiftFunctions.swift in Sources */,
			);
			runOnlyForDeploymentPostprocessing = 0;
		};
		607FACE11AFB9204008FA782 /* Sources */ = {
			isa = PBXSourcesBuildPhase;
			buildActionMask = 2147483647;
			files = (
				607FACEC1AFB9204008FA782 /* Tests.swift in Sources */,
			);
			runOnlyForDeploymentPostprocessing = 0;
		};
/* End PBXSourcesBuildPhase section */

/* Begin PBXTargetDependency section */
		607FACE71AFB9204008FA782 /* PBXTargetDependency */ = {
			isa = PBXTargetDependency;
			target = 607FACCF1AFB9204008FA782 /* LHTools_Example */;
			targetProxy = 607FACE61AFB9204008FA782 /* PBXContainerItemProxy */;
		};
/* End PBXTargetDependency section */

/* Begin PBXVariantGroup section */
		607FACD91AFB9204008FA782 /* Main.storyboard */ = {
			isa = PBXVariantGroup;
			children = (
				607FACDA1AFB9204008FA782 /* Base */,
			);
			name = Main.storyboard;
			sourceTree = "<group>";
		};
		607FACDE1AFB9204008FA782 /* LaunchScreen.xib */ = {
			isa = PBXVariantGroup;
			children = (
				607FACDF1AFB9204008FA782 /* Base */,
			);
			name = LaunchScreen.xib;
			sourceTree = "<group>";
		};
/* End PBXVariantGroup section */

/* Begin XCBuildConfiguration section */
		607FACED1AFB9204008FA782 /* Debug */ = {
			isa = XCBuildConfiguration;
			buildSettings = {
				ALWAYS_SEARCH_USER_PATHS = NO;
				CLANG_CXX_LANGUAGE_STANDARD = "gnu++0x";
				CLANG_CXX_LIBRARY = "libc++";
				CLANG_ENABLE_MODULES = YES;
				CLANG_ENABLE_OBJC_ARC = YES;
				CLANG_WARN_BLOCK_CAPTURE_AUTORELEASING = YES;
				CLANG_WARN_BOOL_CONVERSION = YES;
				CLANG_WARN_COMMA = YES;
				CLANG_WARN_CONSTANT_CONVERSION = YES;
				CLANG_WARN_DIRECT_OBJC_ISA_USAGE = YES_ERROR;
				CLANG_WARN_EMPTY_BODY = YES;
				CLANG_WARN_ENUM_CONVERSION = YES;
				CLANG_WARN_INFINITE_RECURSION = YES;
				CLANG_WARN_INT_CONVERSION = YES;
				CLANG_WARN_NON_LITERAL_NULL_CONVERSION = YES;
				CLANG_WARN_OBJC_LITERAL_CONVERSION = YES;
				CLANG_WARN_OBJC_ROOT_CLASS = YES_ERROR;
				CLANG_WARN_RANGE_LOOP_ANALYSIS = YES;
				CLANG_WARN_STRICT_PROTOTYPES = YES;
				CLANG_WARN_SUSPICIOUS_MOVE = YES;
				CLANG_WARN_UNREACHABLE_CODE = YES;
				CLANG_WARN__DUPLICATE_METHOD_MATCH = YES;
				"CODE_SIGN_IDENTITY[sdk=iphoneos*]" = "iPhone Developer";
				COPY_PHASE_STRIP = NO;
				DEBUG_INFORMATION_FORMAT = "dwarf-with-dsym";
				ENABLE_STRICT_OBJC_MSGSEND = YES;
				ENABLE_TESTABILITY = YES;
				GCC_C_LANGUAGE_STANDARD = gnu99;
				GCC_DYNAMIC_NO_PIC = NO;
				GCC_NO_COMMON_BLOCKS = YES;
				GCC_OPTIMIZATION_LEVEL = 0;
				GCC_PREPROCESSOR_DEFINITIONS = (
					"DEBUG=1",
					"$(inherited)",
				);
				GCC_SYMBOLS_PRIVATE_EXTERN = NO;
				GCC_WARN_64_TO_32_BIT_CONVERSION = YES;
				GCC_WARN_ABOUT_RETURN_TYPE = YES_ERROR;
				GCC_WARN_UNDECLARED_SELECTOR = YES;
				GCC_WARN_UNINITIALIZED_AUTOS = YES_AGGRESSIVE;
				GCC_WARN_UNUSED_FUNCTION = YES;
				GCC_WARN_UNUSED_VARIABLE = YES;
				IPHONEOS_DEPLOYMENT_TARGET = 14.2;
				MTL_ENABLE_DEBUG_INFO = YES;
				ONLY_ACTIVE_ARCH = YES;
				SDKROOT = iphoneos;
				SWIFT_OPTIMIZATION_LEVEL = "-Onone";
			};
			name = Debug;
		};
		607FACEE1AFB9204008FA782 /* Release */ = {
			isa = XCBuildConfiguration;
			buildSettings = {
				ALWAYS_SEARCH_USER_PATHS = NO;
				CLANG_CXX_LANGUAGE_STANDARD = "gnu++0x";
				CLANG_CXX_LIBRARY = "libc++";
				CLANG_ENABLE_MODULES = YES;
				CLANG_ENABLE_OBJC_ARC = YES;
				CLANG_WARN_BLOCK_CAPTURE_AUTORELEASING = YES;
				CLANG_WARN_BOOL_CONVERSION = YES;
				CLANG_WARN_COMMA = YES;
				CLANG_WARN_CONSTANT_CONVERSION = YES;
				CLANG_WARN_DIRECT_OBJC_ISA_USAGE = YES_ERROR;
				CLANG_WARN_EMPTY_BODY = YES;
				CLANG_WARN_ENUM_CONVERSION = YES;
				CLANG_WARN_INFINITE_RECURSION = YES;
				CLANG_WARN_INT_CONVERSION = YES;
				CLANG_WARN_NON_LITERAL_NULL_CONVERSION = YES;
				CLANG_WARN_OBJC_LITERAL_CONVERSION = YES;
				CLANG_WARN_OBJC_ROOT_CLASS = YES_ERROR;
				CLANG_WARN_RANGE_LOOP_ANALYSIS = YES;
				CLANG_WARN_STRICT_PROTOTYPES = YES;
				CLANG_WARN_SUSPICIOUS_MOVE = YES;
				CLANG_WARN_UNREACHABLE_CODE = YES;
				CLANG_WARN__DUPLICATE_METHOD_MATCH = YES;
				"CODE_SIGN_IDENTITY[sdk=iphoneos*]" = "iPhone Developer";
				COPY_PHASE_STRIP = NO;
				DEBUG_INFORMATION_FORMAT = "dwarf-with-dsym";
				ENABLE_NS_ASSERTIONS = NO;
				ENABLE_STRICT_OBJC_MSGSEND = YES;
				GCC_C_LANGUAGE_STANDARD = gnu99;
				GCC_NO_COMMON_BLOCKS = YES;
				GCC_WARN_64_TO_32_BIT_CONVERSION = YES;
				GCC_WARN_ABOUT_RETURN_TYPE = YES_ERROR;
				GCC_WARN_UNDECLARED_SELECTOR = YES;
				GCC_WARN_UNINITIALIZED_AUTOS = YES_AGGRESSIVE;
				GCC_WARN_UNUSED_FUNCTION = YES;
				GCC_WARN_UNUSED_VARIABLE = YES;
				IPHONEOS_DEPLOYMENT_TARGET = 14.2;
				MTL_ENABLE_DEBUG_INFO = NO;
				SDKROOT = iphoneos;
				SWIFT_OPTIMIZATION_LEVEL = "-Owholemodule";
				VALIDATE_PRODUCT = YES;
			};
			name = Release;
		};
		607FACF01AFB9204008FA782 /* Debug */ = {
			isa = XCBuildConfiguration;
			baseConfigurationReference = 2C096D74EE1CC4C1F32F75E5 /* Pods-LHTools_Example.debug.xcconfig */;
			buildSettings = {
				ASSETCATALOG_COMPILER_APPICON_NAME = AppIcon;
				DEVELOPMENT_TEAM = 34BD4U8K6Y;
				INFOPLIST_FILE = LHTools/Info.plist;
				IPHONEOS_DEPLOYMENT_TARGET = 10.0;
				LD_RUNPATH_SEARCH_PATHS = "$(inherited) @executable_path/Frameworks";
				MODULE_NAME = ExampleApp;
				PRODUCT_BUNDLE_IDENTIFIER = "org.cocoapods.demo.$(PRODUCT_NAME:rfc1034identifier)";
				PRODUCT_NAME = "$(TARGET_NAME)";
				SWIFT_INCLUDE_PATHS = "";
				SWIFT_SWIFT3_OBJC_INFERENCE = Default;
				SWIFT_VERSION = 5.0;
			};
			name = Debug;
		};
		607FACF11AFB9204008FA782 /* Release */ = {
			isa = XCBuildConfiguration;
			baseConfigurationReference = 2791A5DBE5B9F2832F4B8697 /* Pods-LHTools_Example.release.xcconfig */;
			buildSettings = {
				ASSETCATALOG_COMPILER_APPICON_NAME = AppIcon;
				DEVELOPMENT_TEAM = 34BD4U8K6Y;
				INFOPLIST_FILE = LHTools/Info.plist;
				IPHONEOS_DEPLOYMENT_TARGET = 10.0;
				LD_RUNPATH_SEARCH_PATHS = "$(inherited) @executable_path/Frameworks";
				MODULE_NAME = ExampleApp;
				PRODUCT_BUNDLE_IDENTIFIER = "org.cocoapods.demo.$(PRODUCT_NAME:rfc1034identifier)";
				PRODUCT_NAME = "$(TARGET_NAME)";
				SWIFT_INCLUDE_PATHS = "";
				SWIFT_SWIFT3_OBJC_INFERENCE = Default;
				SWIFT_VERSION = 5.0;
			};
			name = Release;
		};
		607FACF31AFB9204008FA782 /* Debug */ = {
			isa = XCBuildConfiguration;
			baseConfigurationReference = 3749BA68C88CC8CC2C04630F /* Pods-LHTools_Tests.debug.xcconfig */;
			buildSettings = {
				DEVELOPMENT_TEAM = 34BD4U8K6Y;
				FRAMEWORK_SEARCH_PATHS = (
					"$(PLATFORM_DIR)/Developer/Library/Frameworks",
					"$(inherited)",
				);
				GCC_PREPROCESSOR_DEFINITIONS = (
					"DEBUG=1",
					"$(inherited)",
				);
				INFOPLIST_FILE = Tests/Info.plist;
				LD_RUNPATH_SEARCH_PATHS = "$(inherited) @executable_path/Frameworks @loader_path/Frameworks";
				PRODUCT_BUNDLE_IDENTIFIER = "org.cocoapods.$(PRODUCT_NAME:rfc1034identifier)";
				PRODUCT_NAME = "$(TARGET_NAME)";
				SWIFT_SWIFT3_OBJC_INFERENCE = Default;
				SWIFT_VERSION = 5.0;
				TEST_HOST = "$(BUILT_PRODUCTS_DIR)/LHTools_Example.app/LHTools_Example";
			};
			name = Debug;
		};
		607FACF41AFB9204008FA782 /* Release */ = {
			isa = XCBuildConfiguration;
			baseConfigurationReference = 184B0FDDB348DFF92A6A5AA6 /* Pods-LHTools_Tests.release.xcconfig */;
			buildSettings = {
				DEVELOPMENT_TEAM = 34BD4U8K6Y;
				FRAMEWORK_SEARCH_PATHS = (
					"$(PLATFORM_DIR)/Developer/Library/Frameworks",
					"$(inherited)",
				);
				INFOPLIST_FILE = Tests/Info.plist;
				LD_RUNPATH_SEARCH_PATHS = "$(inherited) @executable_path/Frameworks @loader_path/Frameworks";
				PRODUCT_BUNDLE_IDENTIFIER = "org.cocoapods.$(PRODUCT_NAME:rfc1034identifier)";
				PRODUCT_NAME = "$(TARGET_NAME)";
				SWIFT_SWIFT3_OBJC_INFERENCE = Default;
				SWIFT_VERSION = 5.0;
				TEST_HOST = "$(BUILT_PRODUCTS_DIR)/LHTools_Example.app/LHTools_Example";
			};
			name = Release;
		};
/* End XCBuildConfiguration section */

/* Begin XCConfigurationList section */
		607FACCB1AFB9204008FA782 /* Build configuration list for PBXProject "LHTools" */ = {
			isa = XCConfigurationList;
			buildConfigurations = (
				607FACED1AFB9204008FA782 /* Debug */,
				607FACEE1AFB9204008FA782 /* Release */,
			);
			defaultConfigurationIsVisible = 0;
			defaultConfigurationName = Release;
		};
		607FACEF1AFB9204008FA782 /* Build configuration list for PBXNativeTarget "LHTools_Example" */ = {
			isa = XCConfigurationList;
			buildConfigurations = (
				607FACF01AFB9204008FA782 /* Debug */,
				607FACF11AFB9204008FA782 /* Release */,
			);
			defaultConfigurationIsVisible = 0;
			defaultConfigurationName = Release;
		};
		607FACF21AFB9204008FA782 /* Build configuration list for PBXNativeTarget "LHTools_Tests" */ = {
			isa = XCConfigurationList;
			buildConfigurations = (
				607FACF31AFB9204008FA782 /* Debug */,
				607FACF41AFB9204008FA782 /* Release */,
			);
			defaultConfigurationIsVisible = 0;
			defaultConfigurationName = Release;
		};
/* End XCConfigurationList section */
	};
	rootObject = 607FACC81AFB9204008FA782 /* Project object */;
}
